
Microsoft Visual Studio Solution File, Format Version 12.00
# Visual Studio Version 18
VisualStudioVersion = 18.3.11512.155
MinimumVisualStudioVersion = 10.0.40219.1
Project("{9A19103F-16F7-4668-BE54-9A1E7A4F7556}") = "RecipeBook.Api", "RecipeBook.API\RecipeBook.Api.csproj", "{6438BA1C-C327-4708-8B97-40E67485A151}"
EndProject
Project("{9A19103F-16F7-4668-BE54-9A1E7A4F7556}") = "RecipeBook.Shared", "RecipeBook.Shared\RecipeBook.Shared.csproj", "{8DE5A062-61F6-46DE-817E-C8E3A6D39993}"
EndProject
Project("{9A19103F-16F7-4668-BE54-9A1E7A4F7556}") = "MealPlanner.Shared", "MealPlanner.Shared\MealPlanner.Shared.csproj", "{CB168968-7E95-4467-9EB0-3641375E2E4E}"
EndProject
Project("{9A19103F-16F7-4668-BE54-9A1E7A4F7556}") = "MealPlanner.Api", "MealPlanner.Api\MealPlanner.Api.csproj", "{021FD7A8-9480-4D45-B1BD-8CA55489E6B0}"
EndProject
Project("{9A19103F-16F7-4668-BE54-9A1E7A4F7556}") = "Common.Data.DataContext", "Common.Data.DataContext\Common.Data.DataContext.csproj", "{6D2ABF2F-A16F-488F-9E58-2B3F357E50DA}"
EndProject
Project("{9A19103F-16F7-4668-BE54-9A1E7A4F7556}") = "Common.Data.Entities", "Common.Data.Entities\Common.Data.Entities.csproj", "{FD6D7EE5-2D88-4781-88CD-8C628F0F63CF}"
EndProject
Project("{9A19103F-16F7-4668-BE54-9A1E7A4F7556}") = "Common.Data.Profiles", "Common.Data.Profiles\Common.Data.Profiles.csproj", "{6E2F867A-455A-4EA9-BB9F-F3E24525218A}"
EndProject
Project("{9A19103F-16F7-4668-BE54-9A1E7A4F7556}") = "Common.Data.Repository", "Common.Data.Repository\Common.Data.Repository.csproj", "{FCA570AC-156D-4A4A-B314-8CEE9A9831F5}"
EndProject
Project("{2150E333-8FDC-42A3-9474-1A3956D46DE8}") = "Common", "Common", "{8DB5CDD6-DE3F-4BC8-A13A-3484F27E9CF5}"
EndProject
Project("{9A19103F-16F7-4668-BE54-9A1E7A4F7556}") = "Common.Constants", "Common.Constants\Common.Constants.csproj", "{B4EDBFD2-C4C0-4407-BDE8-FC85440880B0}"
EndProject
Project("{2150E333-8FDC-42A3-9474-1A3956D46DE8}") = "UI", "UI", "{4509BF02-434F-477A-AC6F-43BC1E84900C}"
EndProject
Project("{9A19103F-16F7-4668-BE54-9A1E7A4F7556}") = "Common.Validators", "Common.Validators\Common.Validators.csproj", "{C11AD72C-D9C6-4493-984B-32EAB9D7F618}"
EndProject
Project("{9A19103F-16F7-4668-BE54-9A1E7A4F7556}") = "Common.Pagination", "Common.Pagination\Common.Pagination.csproj", "{21CC01B3-F6BD-43F1-A09B-8BFAEA81F522}"
EndProject
Project("{2150E333-8FDC-42A3-9474-1A3956D46DE8}") = "Solution Items", "Solution Items", "{4A7F2579-685B-486A-A06B-96363DE78544}"
	ProjectSection(SolutionItems) = preProject
		Directory.Build.props = Directory.Build.props
		README.md = README.md
	EndProjectSection
EndProject
Project("{9A19103F-16F7-4668-BE54-9A1E7A4F7556}") = "Common.Models", "Common.Models\Common.Models.csproj", "{3F8CA764-17D1-4D58-A22D-C9FBDAD065EE}"
EndProject
Project("{FAE04EC0-301F-11D3-BF4B-00C04F79EFBC}") = "Identity.Shared", "Identity.Shared\Identity.Shared.csproj", "{B1652095-543F-4DAC-AA7E-B648190E70F4}"
EndProject
Project("{FAE04EC0-301F-11D3-BF4B-00C04F79EFBC}") = "Identity.Api", "Identity.Api\Identity.Api.csproj", "{240D2E3C-5139-4E28-BCB4-94B8CD87D496}"
EndProject
Project("{FAE04EC0-301F-11D3-BF4B-00C04F79EFBC}") = "Common.UI", "Common.UI\Common.UI.csproj", "{66E901F5-AEFF-4FE8-8D20-8B05D4415248}"
EndProject
Project("{FAE04EC0-301F-11D3-BF4B-00C04F79EFBC}") = "MealPlanner.UI.Web.Tests", "MealPlanner.UI.Web.Tests\MealPlanner.UI.Web.Tests.csproj", "{840D8F32-BC83-4F98-BF77-E9B84D72122E}"
EndProject
Project("{FAE04EC0-301F-11D3-BF4B-00C04F79EFBC}") = "Common.Models.Tests", "Common.Models.Tests\Common.Models.Tests.csproj", "{DFE4F8F3-AC7C-4747-9B3A-2DEC4081BC39}"
EndProject
Project("{FAE04EC0-301F-11D3-BF4B-00C04F79EFBC}") = "RecipeBook.Api.Tests", "RecipeBook.Api.Tests\RecipeBook.Api.Tests.csproj", "{CEE078AB-7EB7-440B-ACBA-9B3340B2DBAA}"
EndProject
Project("{FAE04EC0-301F-11D3-BF4B-00C04F79EFBC}") = "RecipeBook.Shared.Tests", "RecipeBook.Shared.Tests\RecipeBook.Shared.Tests.csproj", "{C7C6A528-9F53-4C8B-8D27-E4DC311E9499}"
EndProject
Project("{FAE04EC0-301F-11D3-BF4B-00C04F79EFBC}") = "MealPlanner.Shared.Tests", "MealPlanner.Shared.Tests\MealPlanner.Shared.Tests.csproj", "{0DB5263E-3CFD-4084-A31F-CD3D473E880B}"
EndProject
Project("{FAE04EC0-301F-11D3-BF4B-00C04F79EFBC}") = "Identity.Shared.Tests", "Identity.Shared.Tests\Identity.Shared.Tests.csproj", "{36759006-2F43-45EA-B7B0-5F45841D4A2D}"
EndProject
Project("{FAE04EC0-301F-11D3-BF4B-00C04F79EFBC}") = "Common.Data.Repository.Tests", "Common.Data.Repository.Tests\Common.Data.Repository.Tests.csproj", "{0EC7C89E-FD20-4A77-977D-B0BCE30C6EEC}"
EndProject
Project("{FAE04EC0-301F-11D3-BF4B-00C04F79EFBC}") = "Common.Data.Entities.Tests", "Common.Data.Entities.Tests\Common.Data.Entities.Tests.csproj", "{D08A0A6F-E8AB-47DB-989E-6975EC3CE983}"
EndProject
Project("{FAE04EC0-301F-11D3-BF4B-00C04F79EFBC}") = "MealPlanner.Api.Tests", "MealPlanner.Api.Tests\MealPlanner.Api.Tests.csproj", "{CA0561E7-A9D0-47C5-B03C-2731B6F38787}"
EndProject
Project("{FAE04EC0-301F-11D3-BF4B-00C04F79EFBC}") = "Identity.Api.Tests", "Identity.Api.Tests\Identity.Api.Tests.csproj", "{232FEA77-5E1C-4DCF-9D57-ECBEB9684046}"
EndProject
Project("{FAE04EC0-301F-11D3-BF4B-00C04F79EFBC}") = "Common.Validators.Tests", "Common.Validators.Tests\Common.Validators.Tests.csproj", "{A12956A7-C4A3-40CE-8A57-387BA3C8DBBC}"
EndProject
Project("{FAE04EC0-301F-11D3-BF4B-00C04F79EFBC}") = "Common.Pagination.Tests", "Common.Pagination.Tests\Common.Pagination.Tests.csproj", "{B9262075-D41E-64D1-8D3B-95486FABDAAE}"
EndProject
Project("{FAE04EC0-301F-11D3-BF4B-00C04F79EFBC}") = "Common.Data.Profiles.Tests", "Common.Data.Profiles.Tests\Common.Data.Profiles.Tests.csproj", "{554401F0-1326-9F85-78B8-1E11D6A524B5}"
EndProject
Project("{FAE04EC0-301F-11D3-BF4B-00C04F79EFBC}") = "Common.Data.DataContext.Tests", "Common.Data.DataContext.Tests\Common.Data.DataContext.Tests.csproj", "{E6D8BC82-8366-4619-AB0A-A3624A4D932C}"
EndProject
Project("{FAE04EC0-301F-11D3-BF4B-00C04F79EFBC}") = "Common.Constants.Tests", "Common.Constants.Tests\Common.Constants.Tests.csproj", "{28FEB904-63FA-44A5-B50D-0280A4150399}"
EndProject
Project("{2150E333-8FDC-42A3-9474-1A3956D46DE8}") = "Identity", "Identity", "{E4E00C09-AB1F-4EA1-81FF-540E43F1AB11}"
EndProject
Project("{2150E333-8FDC-42A3-9474-1A3956D46DE8}") = "MealPlanner", "MealPlanner", "{61088257-D8B6-4788-9B3F-F732665A0E90}"
EndProject
Project("{2150E333-8FDC-42A3-9474-1A3956D46DE8}") = "RecipeBook", "RecipeBook", "{9888F8E6-BCF7-4924-B312-DD8AACE1A4D3}"
EndProject
Project("{FAE04EC0-301F-11D3-BF4B-00C04F79EFBC}") = "MealPlanner.Services.Http", "MealPlanner.Services.Http\MealPlanner.Services.Http.csproj", "{F11C3B59-0076-41A9-A501-92C35AE4E08E}"
EndProject
Project("{FAE04EC0-301F-11D3-BF4B-00C04F79EFBC}") = "Common.Services", "Common.Services\Common.Services.csproj", "{4FF6315E-5C9B-482C-8AC2-19F1E43139C6}"
EndProject
Project("{FAE04EC0-301F-11D3-BF4B-00C04F79EFBC}") = "Common.Services.Tests", "Common.Services.Tests\Common.Services.Tests.csproj", "{FC5F0648-01A2-C22C-B763-6E7ED4872A1E}"
EndProject
Project("{FAE04EC0-301F-11D3-BF4B-00C04F79EFBC}") = "Identity.Data.Entities", "Identity.Data.Entities\Identity.Data.Entities.csproj", "{49F214A9-BE26-4146-905F-309A2D6220E6}"
EndProject
Project("{FAE04EC0-301F-11D3-BF4B-00C04F79EFBC}") = "RecipeBook.Data.Entities", "RecipeBook.Data.Entities\RecipeBook.Data.Entities.csproj", "{3A228473-4AEB-4CF6-B160-CDA13C44D96B}"
EndProject
Project("{FAE04EC0-301F-11D3-BF4B-00C04F79EFBC}") = "MealPlanner.Data.Entities", "MealPlanner.Data.Entities\MealPlanner.Data.Entities.csproj", "{A00BAF52-595A-4C67-9013-088BD3D47339}"
EndProject
Project("{FAE04EC0-301F-11D3-BF4B-00C04F79EFBC}") = "Identity.Data.Entities.Tests", "Identity.Data.Entities.Tests\Identity.Data.Entities.Tests.csproj", "{C965F874-7820-4E02-B9B8-B79024E2A258}"
EndProject
Project("{FAE04EC0-301F-11D3-BF4B-00C04F79EFBC}") = "RecipeBook.Data.Entities.Tests", "RecipeBook.Data.Entities.Tests\RecipeBook.Data.Entities.Tests.csproj", "{06922F36-E5BE-416A-8FDA-12045FF3C9D2}"
EndProject
Project("{FAE04EC0-301F-11D3-BF4B-00C04F79EFBC}") = "MealPlanner.Data.Entities.Tests", "MealPlanner.Data.Entities.Tests\MealPlanner.Data.Entities.Tests.csproj", "{19170D87-D8C7-48A0-963F-9E1821956CAD}"
EndProject
Project("{FAE04EC0-301F-11D3-BF4B-00C04F79EFBC}") = "Identity.Data.Profiles", "Identity.Data.Profiles\Identity.Data.Profiles.csproj", "{1A2B3C4D-5E6F-7A8B-9C0D-E1F2A3B4C5D6}"
EndProject
Project("{FAE04EC0-301F-11D3-BF4B-00C04F79EFBC}") = "Identity.Data.Profiles.Tests", "Identity.Data.Profiles.Tests\Identity.Data.Profiles.Tests.csproj", "{2B3C4D5E-6F7A-8B9C-0D1E-F2A3B4C5D6E7}"
EndProject
Project("{FAE04EC0-301F-11D3-BF4B-00C04F79EFBC}") = "RecipeBook.Data.Profiles", "RecipeBook.Data.Profiles\RecipeBook.Data.Profiles.csproj", "{3C4D5E6F-7A8B-9C0D-1E2F-A3B4C5D6E7F8}"
EndProject
Project("{FAE04EC0-301F-11D3-BF4B-00C04F79EFBC}") = "RecipeBook.Data.Profiles.Tests", "RecipeBook.Data.Profiles.Tests\RecipeBook.Data.Profiles.Tests.csproj", "{4D5E6F7A-8B9C-0D1E-2F3A-B4C5D6E7F8A9}"
EndProject
Project("{FAE04EC0-301F-11D3-BF4B-00C04F79EFBC}") = "MealPlanner.Data.Profiles", "MealPlanner.Data.Profiles\MealPlanner.Data.Profiles.csproj", "{5E6F7A8B-9C0D-1E2F-3A4B-C5D6E7F8A9B0}"
EndProject
Project("{FAE04EC0-301F-11D3-BF4B-00C04F79EFBC}") = "MealPlanner.Data.Profiles.Tests", "MealPlanner.Data.Profiles.Tests\MealPlanner.Data.Profiles.Tests.csproj", "{6F7A8B9C-0D1E-2F3A-4B5C-D6E7F8A9B0C1}"
EndProject
Project("{FAE04EC0-301F-11D3-BF4B-00C04F79EFBC}") = "RecipeBook.Data.TableConfigurations", "RecipeBook.Data.TableConfigurations\RecipeBook.Data.TableConfigurations.csproj", "{7A8B9C0D-1E2F-3A4B-5C6D-E7F8A9B0C1D2}"
EndProject
Project("{FAE04EC0-301F-11D3-BF4B-00C04F79EFBC}") = "MealPlanner.Data.TableConfigurations", "MealPlanner.Data.TableConfigurations\MealPlanner.Data.TableConfigurations.csproj", "{8B9C0D1E-2F3A-4B5C-6D7E-F8A9B0C1D2E3}"
EndProject
Project("{FAE04EC0-301F-11D3-BF4B-00C04F79EFBC}") = "RecipeBook.Data.TableConfigurations.Tests", "RecipeBook.Data.TableConfigurations.Tests\RecipeBook.Data.TableConfigurations.Tests.csproj", "{9C0D1E2F-3A4B-5C6D-7E8F-A9B0C1D2E3F4}"
EndProject
Project("{FAE04EC0-301F-11D3-BF4B-00C04F79EFBC}") = "MealPlanner.Data.TableConfigurations.Tests", "MealPlanner.Data.TableConfigurations.Tests\MealPlanner.Data.TableConfigurations.Tests.csproj", "{0D1E2F3A-4B5C-6D7E-8F9A-B0C1D2E3F4A5}"
EndProject
Project("{FAE04EC0-301F-11D3-BF4B-00C04F79EFBC}") = "Common.Http", "Common.Http\Common.Http.csproj", "{78C6E3CE-5EC3-48EA-B58F-4D98E3EAB7D4}"
EndProject
Project("{FAE04EC0-301F-11D3-BF4B-00C04F79EFBC}") = "Identity.Services.Http", "Identity.Services.Http\Identity.Services.Http.csproj", "{142A74F7-6BA2-48FB-9992-970179C3BF10}"
EndProject
Project("{FAE04EC0-301F-11D3-BF4B-00C04F79EFBC}") = "RecipeBook.Services.Http", "RecipeBook.Services.Http\RecipeBook.Services.Http.csproj", "{8A08A3A4-02F7-4069-BF4E-F01ACD567533}"
EndProject
Project("{FAE04EC0-301F-11D3-BF4B-00C04F79EFBC}") = "MealPlanner.UI.Mobile", "MealPlanner.UI.Mobile\MealPlanner.UI.Mobile.csproj", "{96A8A656-9B82-1933-D1B8-25639DBEA04E}"
EndProject
Project("{FAE04EC0-301F-11D3-BF4B-00C04F79EFBC}") = "Common.Core", "Common.Core\Common.Core.csproj", "{88EBE9F5-2F86-7D93-9B6B-BF038F6BD962}"
EndProject
Project("{FAE04EC0-301F-11D3-BF4B-00C04F79EFBC}") = "Common.Core.Tests", "Common.Core.Tests\Common.Core.Tests.csproj", "{F97A2886-6872-3B0D-DEE3-9BF10444AF81}"
EndProject
Project("{FAE04EC0-301F-11D3-BF4B-00C04F79EFBC}") = "MealPlanner.UI.Web", "MealPlanner.UI.Web\MealPlanner.UI.Web.csproj", "{FAC3624E-E58A-81BD-633B-C61D84B3D675}"
EndProject
Project("{FAE04EC0-301F-11D3-BF4B-00C04F79EFBC}") = "MealPlanner.Services.Http.Tests", "MealPlanner.Services.Http.Tests\MealPlanner.Services.Http.Tests.csproj", "{E2A63BD6-3EAE-DC07-F3B7-7733F40F413B}"
EndProject
Project("{FAE04EC0-301F-11D3-BF4B-00C04F79EFBC}") = "Identity.Services.Http.Tests", "Identity.Services.Http.Tests\Identity.Services.Http.Tests.csproj", "{F6A8957A-85CC-4EE2-8E0E-C950AB75DED5}"
EndProject
Project("{FAE04EC0-301F-11D3-BF4B-00C04F79EFBC}") = "RecipeBook.Services.Http.Tests", "RecipeBook.Services.Http.Tests\RecipeBook.Services.Http.Tests.csproj", "{62C70A12-9760-429F-99EA-2FD4BE9C67ED}"
EndProject
Global
	GlobalSection(SolutionConfigurationPlatforms) = preSolution
		Debug|Any CPU = Debug|Any CPU
		Debug|x64 = Debug|x64
		Debug|x86 = Debug|x86
		Release|Any CPU = Release|Any CPU
		Release|x64 = Release|x64
		Release|x86 = Release|x86
	EndGlobalSection
	GlobalSection(ProjectConfigurationPlatforms) = postSolution
		{6438BA1C-C327-4708-8B97-40E67485A151}.Debug|Any CPU.ActiveCfg = Debug|Any CPU
		{6438BA1C-C327-4708-8B97-40E67485A151}.Debug|Any CPU.Build.0 = Debug|Any CPU
		{6438BA1C-C327-4708-8B97-40E67485A151}.Debug|x64.ActiveCfg = Debug|Any CPU
		{6438BA1C-C327-4708-8B97-40E67485A151}.Debug|x64.Build.0 = Debug|Any CPU
		{6438BA1C-C327-4708-8B97-40E67485A151}.Debug|x86.ActiveCfg = Debug|Any CPU
		{6438BA1C-C327-4708-8B97-40E67485A151}.Debug|x86.Build.0 = Debug|Any CPU
		{6438BA1C-C327-4708-8B97-40E67485A151}.Release|Any CPU.ActiveCfg = Release|Any CPU
		{6438BA1C-C327-4708-8B97-40E67485A151}.Release|Any CPU.Build.0 = Release|Any CPU
		{6438BA1C-C327-4708-8B97-40E67485A151}.Release|x64.ActiveCfg = Release|Any CPU
		{6438BA1C-C327-4708-8B97-40E67485A151}.Release|x64.Build.0 = Release|Any CPU
		{6438BA1C-C327-4708-8B97-40E67485A151}.Release|x86.ActiveCfg = Release|Any CPU
		{6438BA1C-C327-4708-8B97-40E67485A151}.Release|x86.Build.0 = Release|Any CPU
		{8DE5A062-61F6-46DE-817E-C8E3A6D39993}.Debug|Any CPU.ActiveCfg = Debug|Any CPU
		{8DE5A062-61F6-46DE-817E-C8E3A6D39993}.Debug|Any CPU.Build.0 = Debug|Any CPU
		{8DE5A062-61F6-46DE-817E-C8E3A6D39993}.Debug|x64.ActiveCfg = Debug|Any CPU
		{8DE5A062-61F6-46DE-817E-C8E3A6D39993}.Debug|x64.Build.0 = Debug|Any CPU
		{8DE5A062-61F6-46DE-817E-C8E3A6D39993}.Debug|x86.ActiveCfg = Debug|Any CPU
		{8DE5A062-61F6-46DE-817E-C8E3A6D39993}.Debug|x86.Build.0 = Debug|Any CPU
		{8DE5A062-61F6-46DE-817E-C8E3A6D39993}.Release|Any CPU.ActiveCfg = Release|Any CPU
		{8DE5A062-61F6-46DE-817E-C8E3A6D39993}.Release|Any CPU.Build.0 = Release|Any CPU
		{8DE5A062-61F6-46DE-817E-C8E3A6D39993}.Release|x64.ActiveCfg = Release|Any CPU
		{8DE5A062-61F6-46DE-817E-C8E3A6D39993}.Release|x64.Build.0 = Release|Any CPU
		{8DE5A062-61F6-46DE-817E-C8E3A6D39993}.Release|x86.ActiveCfg = Release|Any CPU
		{8DE5A062-61F6-46DE-817E-C8E3A6D39993}.Release|x86.Build.0 = Release|Any CPU
		{CB168968-7E95-4467-9EB0-3641375E2E4E}.Debug|Any CPU.ActiveCfg = Debug|Any CPU
		{CB168968-7E95-4467-9EB0-3641375E2E4E}.Debug|Any CPU.Build.0 = Debug|Any CPU
		{CB168968-7E95-4467-9EB0-3641375E2E4E}.Debug|x64.ActiveCfg = Debug|Any CPU
		{CB168968-7E95-4467-9EB0-3641375E2E4E}.Debug|x64.Build.0 = Debug|Any CPU
		{CB168968-7E95-4467-9EB0-3641375E2E4E}.Debug|x86.ActiveCfg = Debug|Any CPU
		{CB168968-7E95-4467-9EB0-3641375E2E4E}.Debug|x86.Build.0 = Debug|Any CPU
		{CB168968-7E95-4467-9EB0-3641375E2E4E}.Release|Any CPU.ActiveCfg = Release|Any CPU
		{CB168968-7E95-4467-9EB0-3641375E2E4E}.Release|Any CPU.Build.0 = Release|Any CPU
		{CB168968-7E95-4467-9EB0-3641375E2E4E}.Release|x64.ActiveCfg = Release|Any CPU
		{CB168968-7E95-4467-9EB0-3641375E2E4E}.Release|x64.Build.0 = Release|Any CPU
		{CB168968-7E95-4467-9EB0-3641375E2E4E}.Release|x86.ActiveCfg = Release|Any CPU
		{CB168968-7E95-4467-9EB0-3641375E2E4E}.Release|x86.Build.0 = Release|Any CPU
		{021FD7A8-9480-4D45-B1BD-8CA55489E6B0}.Debug|Any CPU.ActiveCfg = Debug|Any CPU
		{021FD7A8-9480-4D45-B1BD-8CA55489E6B0}.Debug|Any CPU.Build.0 = Debug|Any CPU
		{021FD7A8-9480-4D45-B1BD-8CA55489E6B0}.Debug|x64.ActiveCfg = Debug|Any CPU
		{021FD7A8-9480-4D45-B1BD-8CA55489E6B0}.Debug|x64.Build.0 = Debug|Any CPU
		{021FD7A8-9480-4D45-B1BD-8CA55489E6B0}.Debug|x86.ActiveCfg = Debug|Any CPU
		{021FD7A8-9480-4D45-B1BD-8CA55489E6B0}.Debug|x86.Build.0 = Debug|Any CPU
		{021FD7A8-9480-4D45-B1BD-8CA55489E6B0}.Release|Any CPU.ActiveCfg = Release|Any CPU
		{021FD7A8-9480-4D45-B1BD-8CA55489E6B0}.Release|Any CPU.Build.0 = Release|Any CPU
		{021FD7A8-9480-4D45-B1BD-8CA55489E6B0}.Release|x64.ActiveCfg = Release|Any CPU
		{021FD7A8-9480-4D45-B1BD-8CA55489E6B0}.Release|x64.Build.0 = Release|Any CPU
		{021FD7A8-9480-4D45-B1BD-8CA55489E6B0}.Release|x86.ActiveCfg = Release|Any CPU
		{021FD7A8-9480-4D45-B1BD-8CA55489E6B0}.Release|x86.Build.0 = Release|Any CPU
		{6D2ABF2F-A16F-488F-9E58-2B3F357E50DA}.Debug|Any CPU.ActiveCfg = Debug|Any CPU
		{6D2ABF2F-A16F-488F-9E58-2B3F357E50DA}.Debug|Any CPU.Build.0 = Debug|Any CPU
		{6D2ABF2F-A16F-488F-9E58-2B3F357E50DA}.Debug|x64.ActiveCfg = Debug|Any CPU
		{6D2ABF2F-A16F-488F-9E58-2B3F357E50DA}.Debug|x64.Build.0 = Debug|Any CPU
		{6D2ABF2F-A16F-488F-9E58-2B3F357E50DA}.Debug|x86.ActiveCfg = Debug|Any CPU
		{6D2ABF2F-A16F-488F-9E58-2B3F357E50DA}.Debug|x86.Build.0 = Debug|Any CPU
		{6D2ABF2F-A16F-488F-9E58-2B3F357E50DA}.Release|Any CPU.ActiveCfg = Release|Any CPU
		{6D2ABF2F-A16F-488F-9E58-2B3F357E50DA}.Release|Any CPU.Build.0 = Release|Any CPU
		{6D2ABF2F-A16F-488F-9E58-2B3F357E50DA}.Release|x64.ActiveCfg = Release|Any CPU
		{6D2ABF2F-A16F-488F-9E58-2B3F357E50DA}.Release|x64.Build.0 = Release|Any CPU
		{6D2ABF2F-A16F-488F-9E58-2B3F357E50DA}.Release|x86.ActiveCfg = Release|Any CPU
		{6D2ABF2F-A16F-488F-9E58-2B3F357E50DA}.Release|x86.Build.0 = Release|Any CPU
		{FD6D7EE5-2D88-4781-88CD-8C628F0F63CF}.Debug|Any CPU.ActiveCfg = Debug|Any CPU
		{FD6D7EE5-2D88-4781-88CD-8C628F0F63CF}.Debug|Any CPU.Build.0 = Debug|Any CPU
		{FD6D7EE5-2D88-4781-88CD-8C628F0F63CF}.Debug|x64.ActiveCfg = Debug|Any CPU
		{FD6D7EE5-2D88-4781-88CD-8C628F0F63CF}.Debug|x64.Build.0 = Debug|Any CPU
		{FD6D7EE5-2D88-4781-88CD-8C628F0F63CF}.Debug|x86.ActiveCfg = Debug|Any CPU
		{FD6D7EE5-2D88-4781-88CD-8C628F0F63CF}.Debug|x86.Build.0 = Debug|Any CPU
		{FD6D7EE5-2D88-4781-88CD-8C628F0F63CF}.Release|Any CPU.ActiveCfg = Release|Any CPU
		{FD6D7EE5-2D88-4781-88CD-8C628F0F63CF}.Release|Any CPU.Build.0 = Release|Any CPU
		{FD6D7EE5-2D88-4781-88CD-8C628F0F63CF}.Release|x64.ActiveCfg = Release|Any CPU
		{FD6D7EE5-2D88-4781-88CD-8C628F0F63CF}.Release|x64.Build.0 = Release|Any CPU
		{FD6D7EE5-2D88-4781-88CD-8C628F0F63CF}.Release|x86.ActiveCfg = Release|Any CPU
		{FD6D7EE5-2D88-4781-88CD-8C628F0F63CF}.Release|x86.Build.0 = Release|Any CPU
		{6E2F867A-455A-4EA9-BB9F-F3E24525218A}.Debug|Any CPU.ActiveCfg = Debug|Any CPU
		{6E2F867A-455A-4EA9-BB9F-F3E24525218A}.Debug|Any CPU.Build.0 = Debug|Any CPU
		{6E2F867A-455A-4EA9-BB9F-F3E24525218A}.Debug|x64.ActiveCfg = Debug|Any CPU
		{6E2F867A-455A-4EA9-BB9F-F3E24525218A}.Debug|x64.Build.0 = Debug|Any CPU
		{6E2F867A-455A-4EA9-BB9F-F3E24525218A}.Debug|x86.ActiveCfg = Debug|Any CPU
		{6E2F867A-455A-4EA9-BB9F-F3E24525218A}.Debug|x86.Build.0 = Debug|Any CPU
		{6E2F867A-455A-4EA9-BB9F-F3E24525218A}.Release|Any CPU.ActiveCfg = Release|Any CPU
		{6E2F867A-455A-4EA9-BB9F-F3E24525218A}.Release|Any CPU.Build.0 = Release|Any CPU
		{6E2F867A-455A-4EA9-BB9F-F3E24525218A}.Release|x64.ActiveCfg = Release|Any CPU
		{6E2F867A-455A-4EA9-BB9F-F3E24525218A}.Release|x64.Build.0 = Release|Any CPU
		{6E2F867A-455A-4EA9-BB9F-F3E24525218A}.Release|x86.ActiveCfg = Release|Any CPU
		{6E2F867A-455A-4EA9-BB9F-F3E24525218A}.Release|x86.Build.0 = Release|Any CPU
		{FCA570AC-156D-4A4A-B314-8CEE9A9831F5}.Debug|Any CPU.ActiveCfg = Debug|Any CPU
		{FCA570AC-156D-4A4A-B314-8CEE9A9831F5}.Debug|Any CPU.Build.0 = Debug|Any CPU
		{FCA570AC-156D-4A4A-B314-8CEE9A9831F5}.Debug|x64.ActiveCfg = Debug|Any CPU
		{FCA570AC-156D-4A4A-B314-8CEE9A9831F5}.Debug|x64.Build.0 = Debug|Any CPU
		{FCA570AC-156D-4A4A-B314-8CEE9A9831F5}.Debug|x86.ActiveCfg = Debug|Any CPU
		{FCA570AC-156D-4A4A-B314-8CEE9A9831F5}.Debug|x86.Build.0 = Debug|Any CPU
		{FCA570AC-156D-4A4A-B314-8CEE9A9831F5}.Release|Any CPU.ActiveCfg = Release|Any CPU
		{FCA570AC-156D-4A4A-B314-8CEE9A9831F5}.Release|Any CPU.Build.0 = Release|Any CPU
		{FCA570AC-156D-4A4A-B314-8CEE9A9831F5}.Release|x64.ActiveCfg = Release|Any CPU
		{FCA570AC-156D-4A4A-B314-8CEE9A9831F5}.Release|x64.Build.0 = Release|Any CPU
		{FCA570AC-156D-4A4A-B314-8CEE9A9831F5}.Release|x86.ActiveCfg = Release|Any CPU
		{FCA570AC-156D-4A4A-B314-8CEE9A9831F5}.Release|x86.Build.0 = Release|Any CPU
		{B4EDBFD2-C4C0-4407-BDE8-FC85440880B0}.Debug|Any CPU.ActiveCfg = Debug|Any CPU
		{B4EDBFD2-C4C0-4407-BDE8-FC85440880B0}.Debug|Any CPU.Build.0 = Debug|Any CPU
		{B4EDBFD2-C4C0-4407-BDE8-FC85440880B0}.Debug|x64.ActiveCfg = Debug|Any CPU
		{B4EDBFD2-C4C0-4407-BDE8-FC85440880B0}.Debug|x64.Build.0 = Debug|Any CPU
		{B4EDBFD2-C4C0-4407-BDE8-FC85440880B0}.Debug|x86.ActiveCfg = Debug|Any CPU
		{B4EDBFD2-C4C0-4407-BDE8-FC85440880B0}.Debug|x86.Build.0 = Debug|Any CPU
		{B4EDBFD2-C4C0-4407-BDE8-FC85440880B0}.Release|Any CPU.ActiveCfg = Release|Any CPU
		{B4EDBFD2-C4C0-4407-BDE8-FC85440880B0}.Release|Any CPU.Build.0 = Release|Any CPU
		{B4EDBFD2-C4C0-4407-BDE8-FC85440880B0}.Release|x64.ActiveCfg = Release|Any CPU
		{B4EDBFD2-C4C0-4407-BDE8-FC85440880B0}.Release|x64.Build.0 = Release|Any CPU
		{B4EDBFD2-C4C0-4407-BDE8-FC85440880B0}.Release|x86.ActiveCfg = Release|Any CPU
		{B4EDBFD2-C4C0-4407-BDE8-FC85440880B0}.Release|x86.Build.0 = Release|Any CPU
		{C11AD72C-D9C6-4493-984B-32EAB9D7F618}.Debug|Any CPU.ActiveCfg = Debug|Any CPU
		{C11AD72C-D9C6-4493-984B-32EAB9D7F618}.Debug|Any CPU.Build.0 = Debug|Any CPU
		{C11AD72C-D9C6-4493-984B-32EAB9D7F618}.Debug|x64.ActiveCfg = Debug|Any CPU
		{C11AD72C-D9C6-4493-984B-32EAB9D7F618}.Debug|x64.Build.0 = Debug|Any CPU
		{C11AD72C-D9C6-4493-984B-32EAB9D7F618}.Debug|x86.ActiveCfg = Debug|Any CPU
		{C11AD72C-D9C6-4493-984B-32EAB9D7F618}.Debug|x86.Build.0 = Debug|Any CPU
		{C11AD72C-D9C6-4493-984B-32EAB9D7F618}.Release|Any CPU.ActiveCfg = Release|Any CPU
		{C11AD72C-D9C6-4493-984B-32EAB9D7F618}.Release|Any CPU.Build.0 = Release|Any CPU
		{C11AD72C-D9C6-4493-984B-32EAB9D7F618}.Release|x64.ActiveCfg = Release|Any CPU
		{C11AD72C-D9C6-4493-984B-32EAB9D7F618}.Release|x64.Build.0 = Release|Any CPU
		{C11AD72C-D9C6-4493-984B-32EAB9D7F618}.Release|x86.ActiveCfg = Release|Any CPU
		{C11AD72C-D9C6-4493-984B-32EAB9D7F618}.Release|x86.Build.0 = Release|Any CPU
		{21CC01B3-F6BD-43F1-A09B-8BFAEA81F522}.Debug|Any CPU.ActiveCfg = Debug|Any CPU
		{21CC01B3-F6BD-43F1-A09B-8BFAEA81F522}.Debug|Any CPU.Build.0 = Debug|Any CPU
		{21CC01B3-F6BD-43F1-A09B-8BFAEA81F522}.Debug|x64.ActiveCfg = Debug|Any CPU
		{21CC01B3-F6BD-43F1-A09B-8BFAEA81F522}.Debug|x64.Build.0 = Debug|Any CPU
		{21CC01B3-F6BD-43F1-A09B-8BFAEA81F522}.Debug|x86.ActiveCfg = Debug|Any CPU
		{21CC01B3-F6BD-43F1-A09B-8BFAEA81F522}.Debug|x86.Build.0 = Debug|Any CPU
		{21CC01B3-F6BD-43F1-A09B-8BFAEA81F522}.Release|Any CPU.ActiveCfg = Release|Any CPU
		{21CC01B3-F6BD-43F1-A09B-8BFAEA81F522}.Release|Any CPU.Build.0 = Release|Any CPU
		{21CC01B3-F6BD-43F1-A09B-8BFAEA81F522}.Release|x64.ActiveCfg = Release|Any CPU
		{21CC01B3-F6BD-43F1-A09B-8BFAEA81F522}.Release|x64.Build.0 = Release|Any CPU
		{21CC01B3-F6BD-43F1-A09B-8BFAEA81F522}.Release|x86.ActiveCfg = Release|Any CPU
		{21CC01B3-F6BD-43F1-A09B-8BFAEA81F522}.Release|x86.Build.0 = Release|Any CPU
		{3F8CA764-17D1-4D58-A22D-C9FBDAD065EE}.Debug|Any CPU.ActiveCfg = Debug|Any CPU
		{3F8CA764-17D1-4D58-A22D-C9FBDAD065EE}.Debug|Any CPU.Build.0 = Debug|Any CPU
		{3F8CA764-17D1-4D58-A22D-C9FBDAD065EE}.Debug|x64.ActiveCfg = Debug|Any CPU
		{3F8CA764-17D1-4D58-A22D-C9FBDAD065EE}.Debug|x64.Build.0 = Debug|Any CPU
		{3F8CA764-17D1-4D58-A22D-C9FBDAD065EE}.Debug|x86.ActiveCfg = Debug|Any CPU
		{3F8CA764-17D1-4D58-A22D-C9FBDAD065EE}.Debug|x86.Build.0 = Debug|Any CPU
		{3F8CA764-17D1-4D58-A22D-C9FBDAD065EE}.Release|Any CPU.ActiveCfg = Release|Any CPU
		{3F8CA764-17D1-4D58-A22D-C9FBDAD065EE}.Release|Any CPU.Build.0 = Release|Any CPU
		{3F8CA764-17D1-4D58-A22D-C9FBDAD065EE}.Release|x64.ActiveCfg = Release|Any CPU
		{3F8CA764-17D1-4D58-A22D-C9FBDAD065EE}.Release|x64.Build.0 = Release|Any CPU
		{3F8CA764-17D1-4D58-A22D-C9FBDAD065EE}.Release|x86.ActiveCfg = Release|Any CPU
		{3F8CA764-17D1-4D58-A22D-C9FBDAD065EE}.Release|x86.Build.0 = Release|Any CPU
		{B1652095-543F-4DAC-AA7E-B648190E70F4}.Debug|Any CPU.ActiveCfg = Debug|Any CPU
		{B1652095-543F-4DAC-AA7E-B648190E70F4}.Debug|Any CPU.Build.0 = Debug|Any CPU
		{B1652095-543F-4DAC-AA7E-B648190E70F4}.Debug|x64.ActiveCfg = Debug|Any CPU
		{B1652095-543F-4DAC-AA7E-B648190E70F4}.Debug|x64.Build.0 = Debug|Any CPU
		{B1652095-543F-4DAC-AA7E-B648190E70F4}.Debug|x86.ActiveCfg = Debug|Any CPU
		{B1652095-543F-4DAC-AA7E-B648190E70F4}.Debug|x86.Build.0 = Debug|Any CPU
		{B1652095-543F-4DAC-AA7E-B648190E70F4}.Release|Any CPU.ActiveCfg = Release|Any CPU
		{B1652095-543F-4DAC-AA7E-B648190E70F4}.Release|Any CPU.Build.0 = Release|Any CPU
		{B1652095-543F-4DAC-AA7E-B648190E70F4}.Release|x64.ActiveCfg = Release|Any CPU
		{B1652095-543F-4DAC-AA7E-B648190E70F4}.Release|x64.Build.0 = Release|Any CPU
		{B1652095-543F-4DAC-AA7E-B648190E70F4}.Release|x86.ActiveCfg = Release|Any CPU
		{B1652095-543F-4DAC-AA7E-B648190E70F4}.Release|x86.Build.0 = Release|Any CPU
		{240D2E3C-5139-4E28-BCB4-94B8CD87D496}.Debug|Any CPU.ActiveCfg = Debug|Any CPU
		{240D2E3C-5139-4E28-BCB4-94B8CD87D496}.Debug|Any CPU.Build.0 = Debug|Any CPU
		{240D2E3C-5139-4E28-BCB4-94B8CD87D496}.Debug|x64.ActiveCfg = Debug|Any CPU
		{240D2E3C-5139-4E28-BCB4-94B8CD87D496}.Debug|x64.Build.0 = Debug|Any CPU
		{240D2E3C-5139-4E28-BCB4-94B8CD87D496}.Debug|x86.ActiveCfg = Debug|Any CPU
		{240D2E3C-5139-4E28-BCB4-94B8CD87D496}.Debug|x86.Build.0 = Debug|Any CPU
		{240D2E3C-5139-4E28-BCB4-94B8CD87D496}.Release|Any CPU.ActiveCfg = Release|Any CPU
		{240D2E3C-5139-4E28-BCB4-94B8CD87D496}.Release|Any CPU.Build.0 = Release|Any CPU
		{240D2E3C-5139-4E28-BCB4-94B8CD87D496}.Release|x64.ActiveCfg = Release|Any CPU
		{240D2E3C-5139-4E28-BCB4-94B8CD87D496}.Release|x64.Build.0 = Release|Any CPU
		{240D2E3C-5139-4E28-BCB4-94B8CD87D496}.Release|x86.ActiveCfg = Release|Any CPU
		{240D2E3C-5139-4E28-BCB4-94B8CD87D496}.Release|x86.Build.0 = Release|Any CPU
		{66E901F5-AEFF-4FE8-8D20-8B05D4415248}.Debug|Any CPU.ActiveCfg = Debug|Any CPU
		{66E901F5-AEFF-4FE8-8D20-8B05D4415248}.Debug|Any CPU.Build.0 = Debug|Any CPU
		{66E901F5-AEFF-4FE8-8D20-8B05D4415248}.Debug|x64.ActiveCfg = Debug|Any CPU
		{66E901F5-AEFF-4FE8-8D20-8B05D4415248}.Debug|x64.Build.0 = Debug|Any CPU
		{66E901F5-AEFF-4FE8-8D20-8B05D4415248}.Debug|x86.ActiveCfg = Debug|Any CPU
		{66E901F5-AEFF-4FE8-8D20-8B05D4415248}.Debug|x86.Build.0 = Debug|Any CPU
		{66E901F5-AEFF-4FE8-8D20-8B05D4415248}.Release|Any CPU.ActiveCfg = Release|Any CPU
		{66E901F5-AEFF-4FE8-8D20-8B05D4415248}.Release|Any CPU.Build.0 = Release|Any CPU
		{66E901F5-AEFF-4FE8-8D20-8B05D4415248}.Release|x64.ActiveCfg = Release|Any CPU
		{66E901F5-AEFF-4FE8-8D20-8B05D4415248}.Release|x64.Build.0 = Release|Any CPU
		{66E901F5-AEFF-4FE8-8D20-8B05D4415248}.Release|x86.ActiveCfg = Release|Any CPU
		{66E901F5-AEFF-4FE8-8D20-8B05D4415248}.Release|x86.Build.0 = Release|Any CPU
		{840D8F32-BC83-4F98-BF77-E9B84D72122E}.Debug|Any CPU.ActiveCfg = Debug|Any CPU
		{840D8F32-BC83-4F98-BF77-E9B84D72122E}.Debug|Any CPU.Build.0 = Debug|Any CPU
		{840D8F32-BC83-4F98-BF77-E9B84D72122E}.Debug|x64.ActiveCfg = Debug|Any CPU
		{840D8F32-BC83-4F98-BF77-E9B84D72122E}.Debug|x64.Build.0 = Debug|Any CPU
		{840D8F32-BC83-4F98-BF77-E9B84D72122E}.Debug|x86.ActiveCfg = Debug|Any CPU
		{840D8F32-BC83-4F98-BF77-E9B84D72122E}.Debug|x86.Build.0 = Debug|Any CPU
		{840D8F32-BC83-4F98-BF77-E9B84D72122E}.Release|Any CPU.ActiveCfg = Release|Any CPU
		{840D8F32-BC83-4F98-BF77-E9B84D72122E}.Release|Any CPU.Build.0 = Release|Any CPU
		{840D8F32-BC83-4F98-BF77-E9B84D72122E}.Release|x64.ActiveCfg = Release|Any CPU
		{840D8F32-BC83-4F98-BF77-E9B84D72122E}.Release|x64.Build.0 = Release|Any CPU
		{840D8F32-BC83-4F98-BF77-E9B84D72122E}.Release|x86.ActiveCfg = Release|Any CPU
		{840D8F32-BC83-4F98-BF77-E9B84D72122E}.Release|x86.Build.0 = Release|Any CPU
		{DFE4F8F3-AC7C-4747-9B3A-2DEC4081BC39}.Debug|Any CPU.ActiveCfg = Debug|Any CPU
		{DFE4F8F3-AC7C-4747-9B3A-2DEC4081BC39}.Debug|Any CPU.Build.0 = Debug|Any CPU
		{DFE4F8F3-AC7C-4747-9B3A-2DEC4081BC39}.Debug|x64.ActiveCfg = Debug|Any CPU
		{DFE4F8F3-AC7C-4747-9B3A-2DEC4081BC39}.Debug|x64.Build.0 = Debug|Any CPU
		{DFE4F8F3-AC7C-4747-9B3A-2DEC4081BC39}.Debug|x86.ActiveCfg = Debug|Any CPU
		{DFE4F8F3-AC7C-4747-9B3A-2DEC4081BC39}.Debug|x86.Build.0 = Debug|Any CPU
		{DFE4F8F3-AC7C-4747-9B3A-2DEC4081BC39}.Release|Any CPU.ActiveCfg = Release|Any CPU
		{DFE4F8F3-AC7C-4747-9B3A-2DEC4081BC39}.Release|Any CPU.Build.0 = Release|Any CPU
		{DFE4F8F3-AC7C-4747-9B3A-2DEC4081BC39}.Release|x64.ActiveCfg = Release|Any CPU
		{DFE4F8F3-AC7C-4747-9B3A-2DEC4081BC39}.Release|x64.Build.0 = Release|Any CPU
		{DFE4F8F3-AC7C-4747-9B3A-2DEC4081BC39}.Release|x86.ActiveCfg = Release|Any CPU
		{DFE4F8F3-AC7C-4747-9B3A-2DEC4081BC39}.Release|x86.Build.0 = Release|Any CPU
		{CEE078AB-7EB7-440B-ACBA-9B3340B2DBAA}.Debug|Any CPU.ActiveCfg = Debug|Any CPU
		{CEE078AB-7EB7-440B-ACBA-9B3340B2DBAA}.Debug|Any CPU.Build.0 = Debug|Any CPU
		{CEE078AB-7EB7-440B-ACBA-9B3340B2DBAA}.Debug|x64.ActiveCfg = Debug|Any CPU
		{CEE078AB-7EB7-440B-ACBA-9B3340B2DBAA}.Debug|x64.Build.0 = Debug|Any CPU
		{CEE078AB-7EB7-440B-ACBA-9B3340B2DBAA}.Debug|x86.ActiveCfg = Debug|Any CPU
		{CEE078AB-7EB7-440B-ACBA-9B3340B2DBAA}.Debug|x86.Build.0 = Debug|Any CPU
		{CEE078AB-7EB7-440B-ACBA-9B3340B2DBAA}.Release|Any CPU.ActiveCfg = Release|Any CPU
		{CEE078AB-7EB7-440B-ACBA-9B3340B2DBAA}.Release|Any CPU.Build.0 = Release|Any CPU
		{CEE078AB-7EB7-440B-ACBA-9B3340B2DBAA}.Release|x64.ActiveCfg = Release|Any CPU
		{CEE078AB-7EB7-440B-ACBA-9B3340B2DBAA}.Release|x64.Build.0 = Release|Any CPU
		{CEE078AB-7EB7-440B-ACBA-9B3340B2DBAA}.Release|x86.ActiveCfg = Release|Any CPU
		{CEE078AB-7EB7-440B-ACBA-9B3340B2DBAA}.Release|x86.Build.0 = Release|Any CPU
		{C7C6A528-9F53-4C8B-8D27-E4DC311E9499}.Debug|Any CPU.ActiveCfg = Debug|Any CPU
		{C7C6A528-9F53-4C8B-8D27-E4DC311E9499}.Debug|Any CPU.Build.0 = Debug|Any CPU
		{C7C6A528-9F53-4C8B-8D27-E4DC311E9499}.Debug|x64.ActiveCfg = Debug|Any CPU
		{C7C6A528-9F53-4C8B-8D27-E4DC311E9499}.Debug|x64.Build.0 = Debug|Any CPU
		{C7C6A528-9F53-4C8B-8D27-E4DC311E9499}.Debug|x86.ActiveCfg = Debug|Any CPU
		{C7C6A528-9F53-4C8B-8D27-E4DC311E9499}.Debug|x86.Build.0 = Debug|Any CPU
		{C7C6A528-9F53-4C8B-8D27-E4DC311E9499}.Release|Any CPU.ActiveCfg = Release|Any CPU
		{C7C6A528-9F53-4C8B-8D27-E4DC311E9499}.Release|Any CPU.Build.0 = Release|Any CPU
		{C7C6A528-9F53-4C8B-8D27-E4DC311E9499}.Release|x64.ActiveCfg = Release|Any CPU
		{C7C6A528-9F53-4C8B-8D27-E4DC311E9499}.Release|x64.Build.0 = Release|Any CPU
		{C7C6A528-9F53-4C8B-8D27-E4DC311E9499}.Release|x86.ActiveCfg = Release|Any CPU
		{C7C6A528-9F53-4C8B-8D27-E4DC311E9499}.Release|x86.Build.0 = Release|Any CPU
		{0DB5263E-3CFD-4084-A31F-CD3D473E880B}.Debug|Any CPU.ActiveCfg = Debug|Any CPU
		{0DB5263E-3CFD-4084-A31F-CD3D473E880B}.Debug|Any CPU.Build.0 = Debug|Any CPU
		{0DB5263E-3CFD-4084-A31F-CD3D473E880B}.Debug|x64.ActiveCfg = Debug|Any CPU
		{0DB5263E-3CFD-4084-A31F-CD3D473E880B}.Debug|x64.Build.0 = Debug|Any CPU
		{0DB5263E-3CFD-4084-A31F-CD3D473E880B}.Debug|x86.ActiveCfg = Debug|Any CPU
		{0DB5263E-3CFD-4084-A31F-CD3D473E880B}.Debug|x86.Build.0 = Debug|Any CPU
		{0DB5263E-3CFD-4084-A31F-CD3D473E880B}.Release|Any CPU.ActiveCfg = Release|Any CPU
		{0DB5263E-3CFD-4084-A31F-CD3D473E880B}.Release|Any CPU.Build.0 = Release|Any CPU
		{0DB5263E-3CFD-4084-A31F-CD3D473E880B}.Release|x64.ActiveCfg = Release|Any CPU
		{0DB5263E-3CFD-4084-A31F-CD3D473E880B}.Release|x64.Build.0 = Release|Any CPU
		{0DB5263E-3CFD-4084-A31F-CD3D473E880B}.Release|x86.ActiveCfg = Release|Any CPU
		{0DB5263E-3CFD-4084-A31F-CD3D473E880B}.Release|x86.Build.0 = Release|Any CPU
		{36759006-2F43-45EA-B7B0-5F45841D4A2D}.Debug|Any CPU.ActiveCfg = Debug|Any CPU
		{36759006-2F43-45EA-B7B0-5F45841D4A2D}.Debug|Any CPU.Build.0 = Debug|Any CPU
		{36759006-2F43-45EA-B7B0-5F45841D4A2D}.Debug|x64.ActiveCfg = Debug|Any CPU
		{36759006-2F43-45EA-B7B0-5F45841D4A2D}.Debug|x64.Build.0 = Debug|Any CPU
		{36759006-2F43-45EA-B7B0-5F45841D4A2D}.Debug|x86.ActiveCfg = Debug|Any CPU
		{36759006-2F43-45EA-B7B0-5F45841D4A2D}.Debug|x86.Build.0 = Debug|Any CPU
		{36759006-2F43-45EA-B7B0-5F45841D4A2D}.Release|Any CPU.ActiveCfg = Release|Any CPU
		{36759006-2F43-45EA-B7B0-5F45841D4A2D}.Release|Any CPU.Build.0 = Release|Any CPU
		{36759006-2F43-45EA-B7B0-5F45841D4A2D}.Release|x64.ActiveCfg = Release|Any CPU
		{36759006-2F43-45EA-B7B0-5F45841D4A2D}.Release|x64.Build.0 = Release|Any CPU
		{36759006-2F43-45EA-B7B0-5F45841D4A2D}.Release|x86.ActiveCfg = Release|Any CPU
		{36759006-2F43-45EA-B7B0-5F45841D4A2D}.Release|x86.Build.0 = Release|Any CPU
		{0EC7C89E-FD20-4A77-977D-B0BCE30C6EEC}.Debug|Any CPU.ActiveCfg = Debug|Any CPU
		{0EC7C89E-FD20-4A77-977D-B0BCE30C6EEC}.Debug|Any CPU.Build.0 = Debug|Any CPU
		{0EC7C89E-FD20-4A77-977D-B0BCE30C6EEC}.Debug|x64.ActiveCfg = Debug|Any CPU
		{0EC7C89E-FD20-4A77-977D-B0BCE30C6EEC}.Debug|x64.Build.0 = Debug|Any CPU
		{0EC7C89E-FD20-4A77-977D-B0BCE30C6EEC}.Debug|x86.ActiveCfg = Debug|Any CPU
		{0EC7C89E-FD20-4A77-977D-B0BCE30C6EEC}.Debug|x86.Build.0 = Debug|Any CPU
		{0EC7C89E-FD20-4A77-977D-B0BCE30C6EEC}.Release|Any CPU.ActiveCfg = Release|Any CPU
		{0EC7C89E-FD20-4A77-977D-B0BCE30C6EEC}.Release|Any CPU.Build.0 = Release|Any CPU
		{0EC7C89E-FD20-4A77-977D-B0BCE30C6EEC}.Release|x64.ActiveCfg = Release|Any CPU
		{0EC7C89E-FD20-4A77-977D-B0BCE30C6EEC}.Release|x64.Build.0 = Release|Any CPU
		{0EC7C89E-FD20-4A77-977D-B0BCE30C6EEC}.Release|x86.ActiveCfg = Release|Any CPU
		{0EC7C89E-FD20-4A77-977D-B0BCE30C6EEC}.Release|x86.Build.0 = Release|Any CPU
		{D08A0A6F-E8AB-47DB-989E-6975EC3CE983}.Debug|Any CPU.ActiveCfg = Debug|Any CPU
		{D08A0A6F-E8AB-47DB-989E-6975EC3CE983}.Debug|Any CPU.Build.0 = Debug|Any CPU
		{D08A0A6F-E8AB-47DB-989E-6975EC3CE983}.Debug|x64.ActiveCfg = Debug|Any CPU
		{D08A0A6F-E8AB-47DB-989E-6975EC3CE983}.Debug|x64.Build.0 = Debug|Any CPU
		{D08A0A6F-E8AB-47DB-989E-6975EC3CE983}.Debug|x86.ActiveCfg = Debug|Any CPU
		{D08A0A6F-E8AB-47DB-989E-6975EC3CE983}.Debug|x86.Build.0 = Debug|Any CPU
		{D08A0A6F-E8AB-47DB-989E-6975EC3CE983}.Release|Any CPU.ActiveCfg = Release|Any CPU
		{D08A0A6F-E8AB-47DB-989E-6975EC3CE983}.Release|Any CPU.Build.0 = Release|Any CPU
		{D08A0A6F-E8AB-47DB-989E-6975EC3CE983}.Release|x64.ActiveCfg = Release|Any CPU
		{D08A0A6F-E8AB-47DB-989E-6975EC3CE983}.Release|x64.Build.0 = Release|Any CPU
		{D08A0A6F-E8AB-47DB-989E-6975EC3CE983}.Release|x86.ActiveCfg = Release|Any CPU
		{D08A0A6F-E8AB-47DB-989E-6975EC3CE983}.Release|x86.Build.0 = Release|Any CPU
		{CA0561E7-A9D0-47C5-B03C-2731B6F38787}.Debug|Any CPU.ActiveCfg = Debug|Any CPU
		{CA0561E7-A9D0-47C5-B03C-2731B6F38787}.Debug|Any CPU.Build.0 = Debug|Any CPU
		{CA0561E7-A9D0-47C5-B03C-2731B6F38787}.Debug|x64.ActiveCfg = Debug|Any CPU
		{CA0561E7-A9D0-47C5-B03C-2731B6F38787}.Debug|x64.Build.0 = Debug|Any CPU
		{CA0561E7-A9D0-47C5-B03C-2731B6F38787}.Debug|x86.ActiveCfg = Debug|Any CPU
		{CA0561E7-A9D0-47C5-B03C-2731B6F38787}.Debug|x86.Build.0 = Debug|Any CPU
		{CA0561E7-A9D0-47C5-B03C-2731B6F38787}.Release|Any CPU.ActiveCfg = Release|Any CPU
		{CA0561E7-A9D0-47C5-B03C-2731B6F38787}.Release|Any CPU.Build.0 = Release|Any CPU
		{CA0561E7-A9D0-47C5-B03C-2731B6F38787}.Release|x64.ActiveCfg = Release|Any CPU
		{CA0561E7-A9D0-47C5-B03C-2731B6F38787}.Release|x64.Build.0 = Release|Any CPU
		{CA0561E7-A9D0-47C5-B03C-2731B6F38787}.Release|x86.ActiveCfg = Release|Any CPU
		{CA0561E7-A9D0-47C5-B03C-2731B6F38787}.Release|x86.Build.0 = Release|Any CPU
		{232FEA77-5E1C-4DCF-9D57-ECBEB9684046}.Debug|Any CPU.ActiveCfg = Debug|Any CPU
		{232FEA77-5E1C-4DCF-9D57-ECBEB9684046}.Debug|Any CPU.Build.0 = Debug|Any CPU
		{232FEA77-5E1C-4DCF-9D57-ECBEB9684046}.Debug|x64.ActiveCfg = Debug|Any CPU
		{232FEA77-5E1C-4DCF-9D57-ECBEB9684046}.Debug|x64.Build.0 = Debug|Any CPU
		{232FEA77-5E1C-4DCF-9D57-ECBEB9684046}.Debug|x86.ActiveCfg = Debug|Any CPU
		{232FEA77-5E1C-4DCF-9D57-ECBEB9684046}.Debug|x86.Build.0 = Debug|Any CPU
		{232FEA77-5E1C-4DCF-9D57-ECBEB9684046}.Release|Any CPU.ActiveCfg = Release|Any CPU
		{232FEA77-5E1C-4DCF-9D57-ECBEB9684046}.Release|Any CPU.Build.0 = Release|Any CPU
		{232FEA77-5E1C-4DCF-9D57-ECBEB9684046}.Release|x64.ActiveCfg = Release|Any CPU
		{232FEA77-5E1C-4DCF-9D57-ECBEB9684046}.Release|x64.Build.0 = Release|Any CPU
		{232FEA77-5E1C-4DCF-9D57-ECBEB9684046}.Release|x86.ActiveCfg = Release|Any CPU
		{232FEA77-5E1C-4DCF-9D57-ECBEB9684046}.Release|x86.Build.0 = Release|Any CPU
		{A12956A7-C4A3-40CE-8A57-387BA3C8DBBC}.Debug|Any CPU.ActiveCfg = Debug|Any CPU
		{A12956A7-C4A3-40CE-8A57-387BA3C8DBBC}.Debug|Any CPU.Build.0 = Debug|Any CPU
		{A12956A7-C4A3-40CE-8A57-387BA3C8DBBC}.Debug|x64.ActiveCfg = Debug|Any CPU
		{A12956A7-C4A3-40CE-8A57-387BA3C8DBBC}.Debug|x64.Build.0 = Debug|Any CPU
		{A12956A7-C4A3-40CE-8A57-387BA3C8DBBC}.Debug|x86.ActiveCfg = Debug|Any CPU
		{A12956A7-C4A3-40CE-8A57-387BA3C8DBBC}.Debug|x86.Build.0 = Debug|Any CPU
		{A12956A7-C4A3-40CE-8A57-387BA3C8DBBC}.Release|Any CPU.ActiveCfg = Release|Any CPU
		{A12956A7-C4A3-40CE-8A57-387BA3C8DBBC}.Release|Any CPU.Build.0 = Release|Any CPU
		{A12956A7-C4A3-40CE-8A57-387BA3C8DBBC}.Release|x64.ActiveCfg = Release|Any CPU
		{A12956A7-C4A3-40CE-8A57-387BA3C8DBBC}.Release|x64.Build.0 = Release|Any CPU
		{A12956A7-C4A3-40CE-8A57-387BA3C8DBBC}.Release|x86.ActiveCfg = Release|Any CPU
		{A12956A7-C4A3-40CE-8A57-387BA3C8DBBC}.Release|x86.Build.0 = Release|Any CPU
		{B9262075-D41E-64D1-8D3B-95486FABDAAE}.Debug|Any CPU.ActiveCfg = Debug|Any CPU
		{B9262075-D41E-64D1-8D3B-95486FABDAAE}.Debug|Any CPU.Build.0 = Debug|Any CPU
		{B9262075-D41E-64D1-8D3B-95486FABDAAE}.Debug|x64.ActiveCfg = Debug|Any CPU
		{B9262075-D41E-64D1-8D3B-95486FABDAAE}.Debug|x64.Build.0 = Debug|Any CPU
		{B9262075-D41E-64D1-8D3B-95486FABDAAE}.Debug|x86.ActiveCfg = Debug|Any CPU
		{B9262075-D41E-64D1-8D3B-95486FABDAAE}.Debug|x86.Build.0 = Debug|Any CPU
		{B9262075-D41E-64D1-8D3B-95486FABDAAE}.Release|Any CPU.ActiveCfg = Release|Any CPU
		{B9262075-D41E-64D1-8D3B-95486FABDAAE}.Release|Any CPU.Build.0 = Release|Any CPU
		{B9262075-D41E-64D1-8D3B-95486FABDAAE}.Release|x64.ActiveCfg = Release|Any CPU
		{B9262075-D41E-64D1-8D3B-95486FABDAAE}.Release|x64.Build.0 = Release|Any CPU
		{B9262075-D41E-64D1-8D3B-95486FABDAAE}.Release|x86.ActiveCfg = Release|Any CPU
		{B9262075-D41E-64D1-8D3B-95486FABDAAE}.Release|x86.Build.0 = Release|Any CPU
		{554401F0-1326-9F85-78B8-1E11D6A524B5}.Debug|Any CPU.ActiveCfg = Debug|Any CPU
		{554401F0-1326-9F85-78B8-1E11D6A524B5}.Debug|Any CPU.Build.0 = Debug|Any CPU
		{554401F0-1326-9F85-78B8-1E11D6A524B5}.Debug|x64.ActiveCfg = Debug|Any CPU
		{554401F0-1326-9F85-78B8-1E11D6A524B5}.Debug|x64.Build.0 = Debug|Any CPU
		{554401F0-1326-9F85-78B8-1E11D6A524B5}.Debug|x86.ActiveCfg = Debug|Any CPU
		{554401F0-1326-9F85-78B8-1E11D6A524B5}.Debug|x86.Build.0 = Debug|Any CPU
		{554401F0-1326-9F85-78B8-1E11D6A524B5}.Release|Any CPU.ActiveCfg = Release|Any CPU
		{554401F0-1326-9F85-78B8-1E11D6A524B5}.Release|Any CPU.Build.0 = Release|Any CPU
		{554401F0-1326-9F85-78B8-1E11D6A524B5}.Release|x64.ActiveCfg = Release|Any CPU
		{554401F0-1326-9F85-78B8-1E11D6A524B5}.Release|x64.Build.0 = Release|Any CPU
		{554401F0-1326-9F85-78B8-1E11D6A524B5}.Release|x86.ActiveCfg = Release|Any CPU
		{554401F0-1326-9F85-78B8-1E11D6A524B5}.Release|x86.Build.0 = Release|Any CPU
		{E6D8BC82-8366-4619-AB0A-A3624A4D932C}.Debug|Any CPU.ActiveCfg = Debug|Any CPU
		{E6D8BC82-8366-4619-AB0A-A3624A4D932C}.Debug|Any CPU.Build.0 = Debug|Any CPU
		{E6D8BC82-8366-4619-AB0A-A3624A4D932C}.Debug|x64.ActiveCfg = Debug|Any CPU
		{E6D8BC82-8366-4619-AB0A-A3624A4D932C}.Debug|x64.Build.0 = Debug|Any CPU
		{E6D8BC82-8366-4619-AB0A-A3624A4D932C}.Debug|x86.ActiveCfg = Debug|Any CPU
		{E6D8BC82-8366-4619-AB0A-A3624A4D932C}.Debug|x86.Build.0 = Debug|Any CPU
		{E6D8BC82-8366-4619-AB0A-A3624A4D932C}.Release|Any CPU.ActiveCfg = Release|Any CPU
		{E6D8BC82-8366-4619-AB0A-A3624A4D932C}.Release|Any CPU.Build.0 = Release|Any CPU
		{E6D8BC82-8366-4619-AB0A-A3624A4D932C}.Release|x64.ActiveCfg = Release|Any CPU
		{E6D8BC82-8366-4619-AB0A-A3624A4D932C}.Release|x64.Build.0 = Release|Any CPU
		{E6D8BC82-8366-4619-AB0A-A3624A4D932C}.Release|x86.ActiveCfg = Release|Any CPU
		{E6D8BC82-8366-4619-AB0A-A3624A4D932C}.Release|x86.Build.0 = Release|Any CPU
		{28FEB904-63FA-44A5-B50D-0280A4150399}.Debug|Any CPU.ActiveCfg = Debug|Any CPU
		{28FEB904-63FA-44A5-B50D-0280A4150399}.Debug|Any CPU.Build.0 = Debug|Any CPU
		{28FEB904-63FA-44A5-B50D-0280A4150399}.Debug|x64.ActiveCfg = Debug|Any CPU
		{28FEB904-63FA-44A5-B50D-0280A4150399}.Debug|x64.Build.0 = Debug|Any CPU
		{28FEB904-63FA-44A5-B50D-0280A4150399}.Debug|x86.ActiveCfg = Debug|Any CPU
		{28FEB904-63FA-44A5-B50D-0280A4150399}.Debug|x86.Build.0 = Debug|Any CPU
		{28FEB904-63FA-44A5-B50D-0280A4150399}.Release|Any CPU.ActiveCfg = Release|Any CPU
		{28FEB904-63FA-44A5-B50D-0280A4150399}.Release|Any CPU.Build.0 = Release|Any CPU
		{28FEB904-63FA-44A5-B50D-0280A4150399}.Release|x64.ActiveCfg = Release|Any CPU
		{28FEB904-63FA-44A5-B50D-0280A4150399}.Release|x64.Build.0 = Release|Any CPU
		{28FEB904-63FA-44A5-B50D-0280A4150399}.Release|x86.ActiveCfg = Release|Any CPU
		{28FEB904-63FA-44A5-B50D-0280A4150399}.Release|x86.Build.0 = Release|Any CPU
		{F11C3B59-0076-41A9-A501-92C35AE4E08E}.Debug|Any CPU.ActiveCfg = Debug|Any CPU
		{F11C3B59-0076-41A9-A501-92C35AE4E08E}.Debug|Any CPU.Build.0 = Debug|Any CPU
		{F11C3B59-0076-41A9-A501-92C35AE4E08E}.Debug|x64.ActiveCfg = Debug|Any CPU
		{F11C3B59-0076-41A9-A501-92C35AE4E08E}.Debug|x64.Build.0 = Debug|Any CPU
		{F11C3B59-0076-41A9-A501-92C35AE4E08E}.Debug|x86.ActiveCfg = Debug|Any CPU
		{F11C3B59-0076-41A9-A501-92C35AE4E08E}.Debug|x86.Build.0 = Debug|Any CPU
		{F11C3B59-0076-41A9-A501-92C35AE4E08E}.Release|Any CPU.ActiveCfg = Release|Any CPU
		{F11C3B59-0076-41A9-A501-92C35AE4E08E}.Release|Any CPU.Build.0 = Release|Any CPU
		{F11C3B59-0076-41A9-A501-92C35AE4E08E}.Release|x64.ActiveCfg = Release|Any CPU
		{F11C3B59-0076-41A9-A501-92C35AE4E08E}.Release|x64.Build.0 = Release|Any CPU
		{F11C3B59-0076-41A9-A501-92C35AE4E08E}.Release|x86.ActiveCfg = Release|Any CPU
		{F11C3B59-0076-41A9-A501-92C35AE4E08E}.Release|x86.Build.0 = Release|Any CPU
		{4FF6315E-5C9B-482C-8AC2-19F1E43139C6}.Debug|Any CPU.ActiveCfg = Debug|Any CPU
		{4FF6315E-5C9B-482C-8AC2-19F1E43139C6}.Debug|Any CPU.Build.0 = Debug|Any CPU
		{4FF6315E-5C9B-482C-8AC2-19F1E43139C6}.Debug|x64.ActiveCfg = Debug|Any CPU
		{4FF6315E-5C9B-482C-8AC2-19F1E43139C6}.Debug|x64.Build.0 = Debug|Any CPU
		{4FF6315E-5C9B-482C-8AC2-19F1E43139C6}.Debug|x86.ActiveCfg = Debug|Any CPU
		{4FF6315E-5C9B-482C-8AC2-19F1E43139C6}.Debug|x86.Build.0 = Debug|Any CPU
		{4FF6315E-5C9B-482C-8AC2-19F1E43139C6}.Release|Any CPU.ActiveCfg = Release|Any CPU
		{4FF6315E-5C9B-482C-8AC2-19F1E43139C6}.Release|Any CPU.Build.0 = Release|Any CPU
		{4FF6315E-5C9B-482C-8AC2-19F1E43139C6}.Release|x64.ActiveCfg = Release|Any CPU
		{4FF6315E-5C9B-482C-8AC2-19F1E43139C6}.Release|x64.Build.0 = Release|Any CPU
		{4FF6315E-5C9B-482C-8AC2-19F1E43139C6}.Release|x86.ActiveCfg = Release|Any CPU
		{4FF6315E-5C9B-482C-8AC2-19F1E43139C6}.Release|x86.Build.0 = Release|Any CPU
		{FC5F0648-01A2-C22C-B763-6E7ED4872A1E}.Debug|Any CPU.ActiveCfg = Debug|Any CPU
		{FC5F0648-01A2-C22C-B763-6E7ED4872A1E}.Debug|Any CPU.Build.0 = Debug|Any CPU
		{FC5F0648-01A2-C22C-B763-6E7ED4872A1E}.Debug|x64.ActiveCfg = Debug|Any CPU
		{FC5F0648-01A2-C22C-B763-6E7ED4872A1E}.Debug|x64.Build.0 = Debug|Any CPU
		{FC5F0648-01A2-C22C-B763-6E7ED4872A1E}.Debug|x86.ActiveCfg = Debug|Any CPU
		{FC5F0648-01A2-C22C-B763-6E7ED4872A1E}.Debug|x86.Build.0 = Debug|Any CPU
		{FC5F0648-01A2-C22C-B763-6E7ED4872A1E}.Release|Any CPU.ActiveCfg = Release|Any CPU
		{FC5F0648-01A2-C22C-B763-6E7ED4872A1E}.Release|Any CPU.Build.0 = Release|Any CPU
		{FC5F0648-01A2-C22C-B763-6E7ED4872A1E}.Release|x64.ActiveCfg = Release|Any CPU
		{FC5F0648-01A2-C22C-B763-6E7ED4872A1E}.Release|x64.Build.0 = Release|Any CPU
		{FC5F0648-01A2-C22C-B763-6E7ED4872A1E}.Release|x86.ActiveCfg = Release|Any CPU
		{FC5F0648-01A2-C22C-B763-6E7ED4872A1E}.Release|x86.Build.0 = Release|Any CPU
		{49F214A9-BE26-4146-905F-309A2D6220E6}.Debug|Any CPU.ActiveCfg = Debug|Any CPU
		{49F214A9-BE26-4146-905F-309A2D6220E6}.Debug|Any CPU.Build.0 = Debug|Any CPU
		{49F214A9-BE26-4146-905F-309A2D6220E6}.Debug|x64.ActiveCfg = Debug|Any CPU
		{49F214A9-BE26-4146-905F-309A2D6220E6}.Debug|x64.Build.0 = Debug|Any CPU
		{49F214A9-BE26-4146-905F-309A2D6220E6}.Debug|x86.ActiveCfg = Debug|Any CPU
		{49F214A9-BE26-4146-905F-309A2D6220E6}.Debug|x86.Build.0 = Debug|Any CPU
		{49F214A9-BE26-4146-905F-309A2D6220E6}.Release|Any CPU.ActiveCfg = Release|Any CPU
		{49F214A9-BE26-4146-905F-309A2D6220E6}.Release|Any CPU.Build.0 = Release|Any CPU
		{49F214A9-BE26-4146-905F-309A2D6220E6}.Release|x64.ActiveCfg = Release|Any CPU
		{49F214A9-BE26-4146-905F-309A2D6220E6}.Release|x64.Build.0 = Release|Any CPU
		{49F214A9-BE26-4146-905F-309A2D6220E6}.Release|x86.ActiveCfg = Release|Any CPU
		{49F214A9-BE26-4146-905F-309A2D6220E6}.Release|x86.Build.0 = Release|Any CPU
		{3A228473-4AEB-4CF6-B160-CDA13C44D96B}.Debug|Any CPU.ActiveCfg = Debug|Any CPU
		{3A228473-4AEB-4CF6-B160-CDA13C44D96B}.Debug|Any CPU.Build.0 = Debug|Any CPU
		{3A228473-4AEB-4CF6-B160-CDA13C44D96B}.Debug|x64.ActiveCfg = Debug|Any CPU
		{3A228473-4AEB-4CF6-B160-CDA13C44D96B}.Debug|x64.Build.0 = Debug|Any CPU
		{3A228473-4AEB-4CF6-B160-CDA13C44D96B}.Debug|x86.ActiveCfg = Debug|Any CPU
		{3A228473-4AEB-4CF6-B160-CDA13C44D96B}.Debug|x86.Build.0 = Debug|Any CPU
		{3A228473-4AEB-4CF6-B160-CDA13C44D96B}.Release|Any CPU.ActiveCfg = Release|Any CPU
		{3A228473-4AEB-4CF6-B160-CDA13C44D96B}.Release|Any CPU.Build.0 = Release|Any CPU
		{3A228473-4AEB-4CF6-B160-CDA13C44D96B}.Release|x64.ActiveCfg = Release|Any CPU
		{3A228473-4AEB-4CF6-B160-CDA13C44D96B}.Release|x64.Build.0 = Release|Any CPU
		{3A228473-4AEB-4CF6-B160-CDA13C44D96B}.Release|x86.ActiveCfg = Release|Any CPU
		{3A228473-4AEB-4CF6-B160-CDA13C44D96B}.Release|x86.Build.0 = Release|Any CPU
		{A00BAF52-595A-4C67-9013-088BD3D47339}.Debug|Any CPU.ActiveCfg = Debug|Any CPU
		{A00BAF52-595A-4C67-9013-088BD3D47339}.Debug|Any CPU.Build.0 = Debug|Any CPU
		{A00BAF52-595A-4C67-9013-088BD3D47339}.Debug|x64.ActiveCfg = Debug|Any CPU
		{A00BAF52-595A-4C67-9013-088BD3D47339}.Debug|x64.Build.0 = Debug|Any CPU
		{A00BAF52-595A-4C67-9013-088BD3D47339}.Debug|x86.ActiveCfg = Debug|Any CPU
		{A00BAF52-595A-4C67-9013-088BD3D47339}.Debug|x86.Build.0 = Debug|Any CPU
		{A00BAF52-595A-4C67-9013-088BD3D47339}.Release|Any CPU.ActiveCfg = Release|Any CPU
		{A00BAF52-595A-4C67-9013-088BD3D47339}.Release|Any CPU.Build.0 = Release|Any CPU
		{A00BAF52-595A-4C67-9013-088BD3D47339}.Release|x64.ActiveCfg = Release|Any CPU
		{A00BAF52-595A-4C67-9013-088BD3D47339}.Release|x64.Build.0 = Release|Any CPU
		{A00BAF52-595A-4C67-9013-088BD3D47339}.Release|x86.ActiveCfg = Release|Any CPU
		{A00BAF52-595A-4C67-9013-088BD3D47339}.Release|x86.Build.0 = Release|Any CPU
		{C965F874-7820-4E02-B9B8-B79024E2A258}.Debug|Any CPU.ActiveCfg = Debug|Any CPU
		{C965F874-7820-4E02-B9B8-B79024E2A258}.Debug|Any CPU.Build.0 = Debug|Any CPU
		{C965F874-7820-4E02-B9B8-B79024E2A258}.Debug|x64.ActiveCfg = Debug|Any CPU
		{C965F874-7820-4E02-B9B8-B79024E2A258}.Debug|x64.Build.0 = Debug|Any CPU
		{C965F874-7820-4E02-B9B8-B79024E2A258}.Debug|x86.ActiveCfg = Debug|Any CPU
		{C965F874-7820-4E02-B9B8-B79024E2A258}.Debug|x86.Build.0 = Debug|Any CPU
		{C965F874-7820-4E02-B9B8-B79024E2A258}.Release|Any CPU.ActiveCfg = Release|Any CPU
		{C965F874-7820-4E02-B9B8-B79024E2A258}.Release|Any CPU.Build.0 = Release|Any CPU
		{C965F874-7820-4E02-B9B8-B79024E2A258}.Release|x64.ActiveCfg = Release|Any CPU
		{C965F874-7820-4E02-B9B8-B79024E2A258}.Release|x64.Build.0 = Release|Any CPU
		{C965F874-7820-4E02-B9B8-B79024E2A258}.Release|x86.ActiveCfg = Release|Any CPU
		{C965F874-7820-4E02-B9B8-B79024E2A258}.Release|x86.Build.0 = Release|Any CPU
		{06922F36-E5BE-416A-8FDA-12045FF3C9D2}.Debug|Any CPU.ActiveCfg = Debug|Any CPU
		{06922F36-E5BE-416A-8FDA-12045FF3C9D2}.Debug|Any CPU.Build.0 = Debug|Any CPU
		{06922F36-E5BE-416A-8FDA-12045FF3C9D2}.Debug|x64.ActiveCfg = Debug|Any CPU
		{06922F36-E5BE-416A-8FDA-12045FF3C9D2}.Debug|x64.Build.0 = Debug|Any CPU
		{06922F36-E5BE-416A-8FDA-12045FF3C9D2}.Debug|x86.ActiveCfg = Debug|Any CPU
		{06922F36-E5BE-416A-8FDA-12045FF3C9D2}.Debug|x86.Build.0 = Debug|Any CPU
		{06922F36-E5BE-416A-8FDA-12045FF3C9D2}.Release|Any CPU.ActiveCfg = Release|Any CPU
		{06922F36-E5BE-416A-8FDA-12045FF3C9D2}.Release|Any CPU.Build.0 = Release|Any CPU
		{06922F36-E5BE-416A-8FDA-12045FF3C9D2}.Release|x64.ActiveCfg = Release|Any CPU
		{06922F36-E5BE-416A-8FDA-12045FF3C9D2}.Release|x64.Build.0 = Release|Any CPU
		{06922F36-E5BE-416A-8FDA-12045FF3C9D2}.Release|x86.ActiveCfg = Release|Any CPU
		{06922F36-E5BE-416A-8FDA-12045FF3C9D2}.Release|x86.Build.0 = Release|Any CPU
		{19170D87-D8C7-48A0-963F-9E1821956CAD}.Debug|Any CPU.ActiveCfg = Debug|Any CPU
		{19170D87-D8C7-48A0-963F-9E1821956CAD}.Debug|Any CPU.Build.0 = Debug|Any CPU
		{19170D87-D8C7-48A0-963F-9E1821956CAD}.Debug|x64.ActiveCfg = Debug|Any CPU
		{19170D87-D8C7-48A0-963F-9E1821956CAD}.Debug|x64.Build.0 = Debug|Any CPU
		{19170D87-D8C7-48A0-963F-9E1821956CAD}.Debug|x86.ActiveCfg = Debug|Any CPU
		{19170D87-D8C7-48A0-963F-9E1821956CAD}.Debug|x86.Build.0 = Debug|Any CPU
		{19170D87-D8C7-48A0-963F-9E1821956CAD}.Release|Any CPU.ActiveCfg = Release|Any CPU
		{19170D87-D8C7-48A0-963F-9E1821956CAD}.Release|Any CPU.Build.0 = Release|Any CPU
		{19170D87-D8C7-48A0-963F-9E1821956CAD}.Release|x64.ActiveCfg = Release|Any CPU
		{19170D87-D8C7-48A0-963F-9E1821956CAD}.Release|x64.Build.0 = Release|Any CPU
		{19170D87-D8C7-48A0-963F-9E1821956CAD}.Release|x86.ActiveCfg = Release|Any CPU
		{19170D87-D8C7-48A0-963F-9E1821956CAD}.Release|x86.Build.0 = Release|Any CPU
		{1A2B3C4D-5E6F-7A8B-9C0D-E1F2A3B4C5D6}.Debug|Any CPU.ActiveCfg = Debug|Any CPU
		{1A2B3C4D-5E6F-7A8B-9C0D-E1F2A3B4C5D6}.Debug|Any CPU.Build.0 = Debug|Any CPU
		{1A2B3C4D-5E6F-7A8B-9C0D-E1F2A3B4C5D6}.Debug|x64.ActiveCfg = Debug|Any CPU
		{1A2B3C4D-5E6F-7A8B-9C0D-E1F2A3B4C5D6}.Debug|x64.Build.0 = Debug|Any CPU
		{1A2B3C4D-5E6F-7A8B-9C0D-E1F2A3B4C5D6}.Debug|x86.ActiveCfg = Debug|Any CPU
		{1A2B3C4D-5E6F-7A8B-9C0D-E1F2A3B4C5D6}.Debug|x86.Build.0 = Debug|Any CPU
		{1A2B3C4D-5E6F-7A8B-9C0D-E1F2A3B4C5D6}.Release|Any CPU.ActiveCfg = Release|Any CPU
		{1A2B3C4D-5E6F-7A8B-9C0D-E1F2A3B4C5D6}.Release|Any CPU.Build.0 = Release|Any CPU
		{1A2B3C4D-5E6F-7A8B-9C0D-E1F2A3B4C5D6}.Release|x64.ActiveCfg = Release|Any CPU
		{1A2B3C4D-5E6F-7A8B-9C0D-E1F2A3B4C5D6}.Release|x64.Build.0 = Release|Any CPU
		{1A2B3C4D-5E6F-7A8B-9C0D-E1F2A3B4C5D6}.Release|x86.ActiveCfg = Release|Any CPU
		{1A2B3C4D-5E6F-7A8B-9C0D-E1F2A3B4C5D6}.Release|x86.Build.0 = Release|Any CPU
		{2B3C4D5E-6F7A-8B9C-0D1E-F2A3B4C5D6E7}.Debug|Any CPU.ActiveCfg = Debug|Any CPU
		{2B3C4D5E-6F7A-8B9C-0D1E-F2A3B4C5D6E7}.Debug|Any CPU.Build.0 = Debug|Any CPU
		{2B3C4D5E-6F7A-8B9C-0D1E-F2A3B4C5D6E7}.Debug|x64.ActiveCfg = Debug|Any CPU
		{2B3C4D5E-6F7A-8B9C-0D1E-F2A3B4C5D6E7}.Debug|x64.Build.0 = Debug|Any CPU
		{2B3C4D5E-6F7A-8B9C-0D1E-F2A3B4C5D6E7}.Debug|x86.ActiveCfg = Debug|Any CPU
		{2B3C4D5E-6F7A-8B9C-0D1E-F2A3B4C5D6E7}.Debug|x86.Build.0 = Debug|Any CPU
		{2B3C4D5E-6F7A-8B9C-0D1E-F2A3B4C5D6E7}.Release|Any CPU.ActiveCfg = Release|Any CPU
		{2B3C4D5E-6F7A-8B9C-0D1E-F2A3B4C5D6E7}.Release|Any CPU.Build.0 = Release|Any CPU
		{2B3C4D5E-6F7A-8B9C-0D1E-F2A3B4C5D6E7}.Release|x64.ActiveCfg = Release|Any CPU
		{2B3C4D5E-6F7A-8B9C-0D1E-F2A3B4C5D6E7}.Release|x64.Build.0 = Release|Any CPU
		{2B3C4D5E-6F7A-8B9C-0D1E-F2A3B4C5D6E7}.Release|x86.ActiveCfg = Release|Any CPU
		{2B3C4D5E-6F7A-8B9C-0D1E-F2A3B4C5D6E7}.Release|x86.Build.0 = Release|Any CPU
		{3C4D5E6F-7A8B-9C0D-1E2F-A3B4C5D6E7F8}.Debug|Any CPU.ActiveCfg = Debug|Any CPU
		{3C4D5E6F-7A8B-9C0D-1E2F-A3B4C5D6E7F8}.Debug|Any CPU.Build.0 = Debug|Any CPU
		{3C4D5E6F-7A8B-9C0D-1E2F-A3B4C5D6E7F8}.Debug|x64.ActiveCfg = Debug|Any CPU
		{3C4D5E6F-7A8B-9C0D-1E2F-A3B4C5D6E7F8}.Debug|x64.Build.0 = Debug|Any CPU
		{3C4D5E6F-7A8B-9C0D-1E2F-A3B4C5D6E7F8}.Debug|x86.ActiveCfg = Debug|Any CPU
		{3C4D5E6F-7A8B-9C0D-1E2F-A3B4C5D6E7F8}.Debug|x86.Build.0 = Debug|Any CPU
		{3C4D5E6F-7A8B-9C0D-1E2F-A3B4C5D6E7F8}.Release|Any CPU.ActiveCfg = Release|Any CPU
		{3C4D5E6F-7A8B-9C0D-1E2F-A3B4C5D6E7F8}.Release|Any CPU.Build.0 = Release|Any CPU
		{3C4D5E6F-7A8B-9C0D-1E2F-A3B4C5D6E7F8}.Release|x64.ActiveCfg = Release|Any CPU
		{3C4D5E6F-7A8B-9C0D-1E2F-A3B4C5D6E7F8}.Release|x64.Build.0 = Release|Any CPU
		{3C4D5E6F-7A8B-9C0D-1E2F-A3B4C5D6E7F8}.Release|x86.ActiveCfg = Release|Any CPU
		{3C4D5E6F-7A8B-9C0D-1E2F-A3B4C5D6E7F8}.Release|x86.Build.0 = Release|Any CPU
		{4D5E6F7A-8B9C-0D1E-2F3A-B4C5D6E7F8A9}.Debug|Any CPU.ActiveCfg = Debug|Any CPU
		{4D5E6F7A-8B9C-0D1E-2F3A-B4C5D6E7F8A9}.Debug|Any CPU.Build.0 = Debug|Any CPU
		{4D5E6F7A-8B9C-0D1E-2F3A-B4C5D6E7F8A9}.Debug|x64.ActiveCfg = Debug|Any CPU
		{4D5E6F7A-8B9C-0D1E-2F3A-B4C5D6E7F8A9}.Debug|x64.Build.0 = Debug|Any CPU
		{4D5E6F7A-8B9C-0D1E-2F3A-B4C5D6E7F8A9}.Debug|x86.ActiveCfg = Debug|Any CPU
		{4D5E6F7A-8B9C-0D1E-2F3A-B4C5D6E7F8A9}.Debug|x86.Build.0 = Debug|Any CPU
		{4D5E6F7A-8B9C-0D1E-2F3A-B4C5D6E7F8A9}.Release|Any CPU.ActiveCfg = Release|Any CPU
		{4D5E6F7A-8B9C-0D1E-2F3A-B4C5D6E7F8A9}.Release|Any CPU.Build.0 = Release|Any CPU
		{4D5E6F7A-8B9C-0D1E-2F3A-B4C5D6E7F8A9}.Release|x64.ActiveCfg = Release|Any CPU
		{4D5E6F7A-8B9C-0D1E-2F3A-B4C5D6E7F8A9}.Release|x64.Build.0 = Release|Any CPU
		{4D5E6F7A-8B9C-0D1E-2F3A-B4C5D6E7F8A9}.Release|x86.ActiveCfg = Release|Any CPU
		{4D5E6F7A-8B9C-0D1E-2F3A-B4C5D6E7F8A9}.Release|x86.Build.0 = Release|Any CPU
		{5E6F7A8B-9C0D-1E2F-3A4B-C5D6E7F8A9B0}.Debug|Any CPU.ActiveCfg = Debug|Any CPU
		{5E6F7A8B-9C0D-1E2F-3A4B-C5D6E7F8A9B0}.Debug|Any CPU.Build.0 = Debug|Any CPU
		{5E6F7A8B-9C0D-1E2F-3A4B-C5D6E7F8A9B0}.Debug|x64.ActiveCfg = Debug|Any CPU
		{5E6F7A8B-9C0D-1E2F-3A4B-C5D6E7F8A9B0}.Debug|x64.Build.0 = Debug|Any CPU
		{5E6F7A8B-9C0D-1E2F-3A4B-C5D6E7F8A9B0}.Debug|x86.ActiveCfg = Debug|Any CPU
		{5E6F7A8B-9C0D-1E2F-3A4B-C5D6E7F8A9B0}.Debug|x86.Build.0 = Debug|Any CPU
		{5E6F7A8B-9C0D-1E2F-3A4B-C5D6E7F8A9B0}.Release|Any CPU.ActiveCfg = Release|Any CPU
		{5E6F7A8B-9C0D-1E2F-3A4B-C5D6E7F8A9B0}.Release|Any CPU.Build.0 = Release|Any CPU
		{5E6F7A8B-9C0D-1E2F-3A4B-C5D6E7F8A9B0}.Release|x64.ActiveCfg = Release|Any CPU
		{5E6F7A8B-9C0D-1E2F-3A4B-C5D6E7F8A9B0}.Release|x64.Build.0 = Release|Any CPU
		{5E6F7A8B-9C0D-1E2F-3A4B-C5D6E7F8A9B0}.Release|x86.ActiveCfg = Release|Any CPU
		{5E6F7A8B-9C0D-1E2F-3A4B-C5D6E7F8A9B0}.Release|x86.Build.0 = Release|Any CPU
		{6F7A8B9C-0D1E-2F3A-4B5C-D6E7F8A9B0C1}.Debug|Any CPU.ActiveCfg = Debug|Any CPU
		{6F7A8B9C-0D1E-2F3A-4B5C-D6E7F8A9B0C1}.Debug|Any CPU.Build.0 = Debug|Any CPU
		{6F7A8B9C-0D1E-2F3A-4B5C-D6E7F8A9B0C1}.Debug|x64.ActiveCfg = Debug|Any CPU
		{6F7A8B9C-0D1E-2F3A-4B5C-D6E7F8A9B0C1}.Debug|x64.Build.0 = Debug|Any CPU
		{6F7A8B9C-0D1E-2F3A-4B5C-D6E7F8A9B0C1}.Debug|x86.ActiveCfg = Debug|Any CPU
		{6F7A8B9C-0D1E-2F3A-4B5C-D6E7F8A9B0C1}.Debug|x86.Build.0 = Debug|Any CPU
		{6F7A8B9C-0D1E-2F3A-4B5C-D6E7F8A9B0C1}.Release|Any CPU.ActiveCfg = Release|Any CPU
		{6F7A8B9C-0D1E-2F3A-4B5C-D6E7F8A9B0C1}.Release|Any CPU.Build.0 = Release|Any CPU
		{6F7A8B9C-0D1E-2F3A-4B5C-D6E7F8A9B0C1}.Release|x64.ActiveCfg = Release|Any CPU
		{6F7A8B9C-0D1E-2F3A-4B5C-D6E7F8A9B0C1}.Release|x64.Build.0 = Release|Any CPU
		{6F7A8B9C-0D1E-2F3A-4B5C-D6E7F8A9B0C1}.Release|x86.ActiveCfg = Release|Any CPU
		{6F7A8B9C-0D1E-2F3A-4B5C-D6E7F8A9B0C1}.Release|x86.Build.0 = Release|Any CPU
		{7A8B9C0D-1E2F-3A4B-5C6D-E7F8A9B0C1D2}.Debug|Any CPU.ActiveCfg = Debug|Any CPU
		{7A8B9C0D-1E2F-3A4B-5C6D-E7F8A9B0C1D2}.Debug|Any CPU.Build.0 = Debug|Any CPU
		{7A8B9C0D-1E2F-3A4B-5C6D-E7F8A9B0C1D2}.Debug|x64.ActiveCfg = Debug|Any CPU
		{7A8B9C0D-1E2F-3A4B-5C6D-E7F8A9B0C1D2}.Debug|x64.Build.0 = Debug|Any CPU
		{7A8B9C0D-1E2F-3A4B-5C6D-E7F8A9B0C1D2}.Debug|x86.ActiveCfg = Debug|Any CPU
		{7A8B9C0D-1E2F-3A4B-5C6D-E7F8A9B0C1D2}.Debug|x86.Build.0 = Debug|Any CPU
		{7A8B9C0D-1E2F-3A4B-5C6D-E7F8A9B0C1D2}.Release|Any CPU.ActiveCfg = Release|Any CPU
		{7A8B9C0D-1E2F-3A4B-5C6D-E7F8A9B0C1D2}.Release|Any CPU.Build.0 = Release|Any CPU
		{7A8B9C0D-1E2F-3A4B-5C6D-E7F8A9B0C1D2}.Release|x64.ActiveCfg = Release|Any CPU
		{7A8B9C0D-1E2F-3A4B-5C6D-E7F8A9B0C1D2}.Release|x64.Build.0 = Release|Any CPU
		{7A8B9C0D-1E2F-3A4B-5C6D-E7F8A9B0C1D2}.Release|x86.ActiveCfg = Release|Any CPU
		{7A8B9C0D-1E2F-3A4B-5C6D-E7F8A9B0C1D2}.Release|x86.Build.0 = Release|Any CPU
		{8B9C0D1E-2F3A-4B5C-6D7E-F8A9B0C1D2E3}.Debug|Any CPU.ActiveCfg = Debug|Any CPU
		{8B9C0D1E-2F3A-4B5C-6D7E-F8A9B0C1D2E3}.Debug|Any CPU.Build.0 = Debug|Any CPU
		{8B9C0D1E-2F3A-4B5C-6D7E-F8A9B0C1D2E3}.Debug|x64.ActiveCfg = Debug|Any CPU
		{8B9C0D1E-2F3A-4B5C-6D7E-F8A9B0C1D2E3}.Debug|x64.Build.0 = Debug|Any CPU
		{8B9C0D1E-2F3A-4B5C-6D7E-F8A9B0C1D2E3}.Debug|x86.ActiveCfg = Debug|Any CPU
		{8B9C0D1E-2F3A-4B5C-6D7E-F8A9B0C1D2E3}.Debug|x86.Build.0 = Debug|Any CPU
		{8B9C0D1E-2F3A-4B5C-6D7E-F8A9B0C1D2E3}.Release|Any CPU.ActiveCfg = Release|Any CPU
		{8B9C0D1E-2F3A-4B5C-6D7E-F8A9B0C1D2E3}.Release|Any CPU.Build.0 = Release|Any CPU
		{8B9C0D1E-2F3A-4B5C-6D7E-F8A9B0C1D2E3}.Release|x64.ActiveCfg = Release|Any CPU
		{8B9C0D1E-2F3A-4B5C-6D7E-F8A9B0C1D2E3}.Release|x64.Build.0 = Release|Any CPU
		{8B9C0D1E-2F3A-4B5C-6D7E-F8A9B0C1D2E3}.Release|x86.ActiveCfg = Release|Any CPU
		{8B9C0D1E-2F3A-4B5C-6D7E-F8A9B0C1D2E3}.Release|x86.Build.0 = Release|Any CPU
		{9C0D1E2F-3A4B-5C6D-7E8F-A9B0C1D2E3F4}.Debug|Any CPU.ActiveCfg = Debug|Any CPU
		{9C0D1E2F-3A4B-5C6D-7E8F-A9B0C1D2E3F4}.Debug|Any CPU.Build.0 = Debug|Any CPU
		{9C0D1E2F-3A4B-5C6D-7E8F-A9B0C1D2E3F4}.Debug|x64.ActiveCfg = Debug|Any CPU
		{9C0D1E2F-3A4B-5C6D-7E8F-A9B0C1D2E3F4}.Debug|x64.Build.0 = Debug|Any CPU
		{9C0D1E2F-3A4B-5C6D-7E8F-A9B0C1D2E3F4}.Debug|x86.ActiveCfg = Debug|Any CPU
		{9C0D1E2F-3A4B-5C6D-7E8F-A9B0C1D2E3F4}.Debug|x86.Build.0 = Debug|Any CPU
		{9C0D1E2F-3A4B-5C6D-7E8F-A9B0C1D2E3F4}.Release|Any CPU.ActiveCfg = Release|Any CPU
		{9C0D1E2F-3A4B-5C6D-7E8F-A9B0C1D2E3F4}.Release|Any CPU.Build.0 = Release|Any CPU
		{9C0D1E2F-3A4B-5C6D-7E8F-A9B0C1D2E3F4}.Release|x64.ActiveCfg = Release|Any CPU
		{9C0D1E2F-3A4B-5C6D-7E8F-A9B0C1D2E3F4}.Release|x64.Build.0 = Release|Any CPU
		{9C0D1E2F-3A4B-5C6D-7E8F-A9B0C1D2E3F4}.Release|x86.ActiveCfg = Release|Any CPU
		{9C0D1E2F-3A4B-5C6D-7E8F-A9B0C1D2E3F4}.Release|x86.Build.0 = Release|Any CPU
		{0D1E2F3A-4B5C-6D7E-8F9A-B0C1D2E3F4A5}.Debug|Any CPU.ActiveCfg = Debug|Any CPU
		{0D1E2F3A-4B5C-6D7E-8F9A-B0C1D2E3F4A5}.Debug|Any CPU.Build.0 = Debug|Any CPU
		{0D1E2F3A-4B5C-6D7E-8F9A-B0C1D2E3F4A5}.Debug|x64.ActiveCfg = Debug|Any CPU
		{0D1E2F3A-4B5C-6D7E-8F9A-B0C1D2E3F4A5}.Debug|x64.Build.0 = Debug|Any CPU
		{0D1E2F3A-4B5C-6D7E-8F9A-B0C1D2E3F4A5}.Debug|x86.ActiveCfg = Debug|Any CPU
		{0D1E2F3A-4B5C-6D7E-8F9A-B0C1D2E3F4A5}.Debug|x86.Build.0 = Debug|Any CPU
		{0D1E2F3A-4B5C-6D7E-8F9A-B0C1D2E3F4A5}.Release|Any CPU.ActiveCfg = Release|Any CPU
		{0D1E2F3A-4B5C-6D7E-8F9A-B0C1D2E3F4A5}.Release|Any CPU.Build.0 = Release|Any CPU
		{0D1E2F3A-4B5C-6D7E-8F9A-B0C1D2E3F4A5}.Release|x64.ActiveCfg = Release|Any CPU
		{0D1E2F3A-4B5C-6D7E-8F9A-B0C1D2E3F4A5}.Release|x64.Build.0 = Release|Any CPU
		{0D1E2F3A-4B5C-6D7E-8F9A-B0C1D2E3F4A5}.Release|x86.ActiveCfg = Release|Any CPU
		{0D1E2F3A-4B5C-6D7E-8F9A-B0C1D2E3F4A5}.Release|x86.Build.0 = Release|Any CPU
		{78C6E3CE-5EC3-48EA-B58F-4D98E3EAB7D4}.Debug|Any CPU.ActiveCfg = Debug|Any CPU
		{78C6E3CE-5EC3-48EA-B58F-4D98E3EAB7D4}.Debug|Any CPU.Build.0 = Debug|Any CPU
		{78C6E3CE-5EC3-48EA-B58F-4D98E3EAB7D4}.Debug|x64.ActiveCfg = Debug|Any CPU
		{78C6E3CE-5EC3-48EA-B58F-4D98E3EAB7D4}.Debug|x64.Build.0 = Debug|Any CPU
		{78C6E3CE-5EC3-48EA-B58F-4D98E3EAB7D4}.Debug|x86.ActiveCfg = Debug|Any CPU
		{78C6E3CE-5EC3-48EA-B58F-4D98E3EAB7D4}.Debug|x86.Build.0 = Debug|Any CPU
		{78C6E3CE-5EC3-48EA-B58F-4D98E3EAB7D4}.Release|Any CPU.ActiveCfg = Release|Any CPU
		{78C6E3CE-5EC3-48EA-B58F-4D98E3EAB7D4}.Release|Any CPU.Build.0 = Release|Any CPU
		{78C6E3CE-5EC3-48EA-B58F-4D98E3EAB7D4}.Release|x64.ActiveCfg = Release|Any CPU
		{78C6E3CE-5EC3-48EA-B58F-4D98E3EAB7D4}.Release|x64.Build.0 = Release|Any CPU
		{78C6E3CE-5EC3-48EA-B58F-4D98E3EAB7D4}.Release|x86.ActiveCfg = Release|Any CPU
		{78C6E3CE-5EC3-48EA-B58F-4D98E3EAB7D4}.Release|x86.Build.0 = Release|Any CPU
		{142A74F7-6BA2-48FB-9992-970179C3BF10}.Debug|Any CPU.ActiveCfg = Debug|Any CPU
		{142A74F7-6BA2-48FB-9992-970179C3BF10}.Debug|Any CPU.Build.0 = Debug|Any CPU
		{142A74F7-6BA2-48FB-9992-970179C3BF10}.Debug|x64.ActiveCfg = Debug|Any CPU
		{142A74F7-6BA2-48FB-9992-970179C3BF10}.Debug|x64.Build.0 = Debug|Any CPU
		{142A74F7-6BA2-48FB-9992-970179C3BF10}.Debug|x86.ActiveCfg = Debug|Any CPU
		{142A74F7-6BA2-48FB-9992-970179C3BF10}.Debug|x86.Build.0 = Debug|Any CPU
		{142A74F7-6BA2-48FB-9992-970179C3BF10}.Release|Any CPU.ActiveCfg = Release|Any CPU
		{142A74F7-6BA2-48FB-9992-970179C3BF10}.Release|Any CPU.Build.0 = Release|Any CPU
		{142A74F7-6BA2-48FB-9992-970179C3BF10}.Release|x64.ActiveCfg = Release|Any CPU
		{142A74F7-6BA2-48FB-9992-970179C3BF10}.Release|x64.Build.0 = Release|Any CPU
		{142A74F7-6BA2-48FB-9992-970179C3BF10}.Release|x86.ActiveCfg = Release|Any CPU
		{142A74F7-6BA2-48FB-9992-970179C3BF10}.Release|x86.Build.0 = Release|Any CPU
		{8A08A3A4-02F7-4069-BF4E-F01ACD567533}.Debug|Any CPU.ActiveCfg = Debug|Any CPU
		{8A08A3A4-02F7-4069-BF4E-F01ACD567533}.Debug|Any CPU.Build.0 = Debug|Any CPU
		{8A08A3A4-02F7-4069-BF4E-F01ACD567533}.Debug|x64.ActiveCfg = Debug|Any CPU
		{8A08A3A4-02F7-4069-BF4E-F01ACD567533}.Debug|x64.Build.0 = Debug|Any CPU
		{8A08A3A4-02F7-4069-BF4E-F01ACD567533}.Debug|x86.ActiveCfg = Debug|Any CPU
		{8A08A3A4-02F7-4069-BF4E-F01ACD567533}.Debug|x86.Build.0 = Debug|Any CPU
		{8A08A3A4-02F7-4069-BF4E-F01ACD567533}.Release|Any CPU.ActiveCfg = Release|Any CPU
		{8A08A3A4-02F7-4069-BF4E-F01ACD567533}.Release|Any CPU.Build.0 = Release|Any CPU
		{8A08A3A4-02F7-4069-BF4E-F01ACD567533}.Release|x64.ActiveCfg = Release|Any CPU
		{8A08A3A4-02F7-4069-BF4E-F01ACD567533}.Release|x64.Build.0 = Release|Any CPU
		{8A08A3A4-02F7-4069-BF4E-F01ACD567533}.Release|x86.ActiveCfg = Release|Any CPU
		{8A08A3A4-02F7-4069-BF4E-F01ACD567533}.Release|x86.Build.0 = Release|Any CPU
		{96A8A656-9B82-1933-D1B8-25639DBEA04E}.Debug|Any CPU.ActiveCfg = Debug|Any CPU
		{96A8A656-9B82-1933-D1B8-25639DBEA04E}.Debug|Any CPU.Build.0 = Debug|Any CPU
		{96A8A656-9B82-1933-D1B8-25639DBEA04E}.Debug|x64.ActiveCfg = Debug|Any CPU
		{96A8A656-9B82-1933-D1B8-25639DBEA04E}.Debug|x64.Build.0 = Debug|Any CPU
		{96A8A656-9B82-1933-D1B8-25639DBEA04E}.Debug|x86.ActiveCfg = Debug|Any CPU
		{96A8A656-9B82-1933-D1B8-25639DBEA04E}.Debug|x86.Build.0 = Debug|Any CPU
		{96A8A656-9B82-1933-D1B8-25639DBEA04E}.Release|Any CPU.ActiveCfg = Release|Any CPU
		{96A8A656-9B82-1933-D1B8-25639DBEA04E}.Release|Any CPU.Build.0 = Release|Any CPU
		{96A8A656-9B82-1933-D1B8-25639DBEA04E}.Release|x64.ActiveCfg = Release|Any CPU
		{96A8A656-9B82-1933-D1B8-25639DBEA04E}.Release|x64.Build.0 = Release|Any CPU
		{96A8A656-9B82-1933-D1B8-25639DBEA04E}.Release|x86.ActiveCfg = Release|Any CPU
		{96A8A656-9B82-1933-D1B8-25639DBEA04E}.Release|x86.Build.0 = Release|Any CPU
		{88EBE9F5-2F86-7D93-9B6B-BF038F6BD962}.Debug|Any CPU.ActiveCfg = Debug|Any CPU
		{88EBE9F5-2F86-7D93-9B6B-BF038F6BD962}.Debug|Any CPU.Build.0 = Debug|Any CPU
		{88EBE9F5-2F86-7D93-9B6B-BF038F6BD962}.Debug|x64.ActiveCfg = Debug|Any CPU
		{88EBE9F5-2F86-7D93-9B6B-BF038F6BD962}.Debug|x64.Build.0 = Debug|Any CPU
		{88EBE9F5-2F86-7D93-9B6B-BF038F6BD962}.Debug|x86.ActiveCfg = Debug|Any CPU
		{88EBE9F5-2F86-7D93-9B6B-BF038F6BD962}.Debug|x86.Build.0 = Debug|Any CPU
		{88EBE9F5-2F86-7D93-9B6B-BF038F6BD962}.Release|Any CPU.ActiveCfg = Release|Any CPU
		{88EBE9F5-2F86-7D93-9B6B-BF038F6BD962}.Release|Any CPU.Build.0 = Release|Any CPU
		{88EBE9F5-2F86-7D93-9B6B-BF038F6BD962}.Release|x64.ActiveCfg = Release|Any CPU
		{88EBE9F5-2F86-7D93-9B6B-BF038F6BD962}.Release|x64.Build.0 = Release|Any CPU
		{88EBE9F5-2F86-7D93-9B6B-BF038F6BD962}.Release|x86.ActiveCfg = Release|Any CPU
		{88EBE9F5-2F86-7D93-9B6B-BF038F6BD962}.Release|x86.Build.0 = Release|Any CPU
		{F97A2886-6872-3B0D-DEE3-9BF10444AF81}.Debug|Any CPU.ActiveCfg = Debug|Any CPU
		{F97A2886-6872-3B0D-DEE3-9BF10444AF81}.Debug|Any CPU.Build.0 = Debug|Any CPU
		{F97A2886-6872-3B0D-DEE3-9BF10444AF81}.Debug|x64.ActiveCfg = Debug|Any CPU
		{F97A2886-6872-3B0D-DEE3-9BF10444AF81}.Debug|x64.Build.0 = Debug|Any CPU
		{F97A2886-6872-3B0D-DEE3-9BF10444AF81}.Debug|x86.ActiveCfg = Debug|Any CPU
		{F97A2886-6872-3B0D-DEE3-9BF10444AF81}.Debug|x86.Build.0 = Debug|Any CPU
		{F97A2886-6872-3B0D-DEE3-9BF10444AF81}.Release|Any CPU.ActiveCfg = Release|Any CPU
		{F97A2886-6872-3B0D-DEE3-9BF10444AF81}.Release|Any CPU.Build.0 = Release|Any CPU
		{F97A2886-6872-3B0D-DEE3-9BF10444AF81}.Release|x64.ActiveCfg = Release|Any CPU
		{F97A2886-6872-3B0D-DEE3-9BF10444AF81}.Release|x64.Build.0 = Release|Any CPU
		{F97A2886-6872-3B0D-DEE3-9BF10444AF81}.Release|x86.ActiveCfg = Release|Any CPU
		{F97A2886-6872-3B0D-DEE3-9BF10444AF81}.Release|x86.Build.0 = Release|Any CPU
		{FAC3624E-E58A-81BD-633B-C61D84B3D675}.Debug|Any CPU.ActiveCfg = Debug|Any CPU
		{FAC3624E-E58A-81BD-633B-C61D84B3D675}.Debug|Any CPU.Build.0 = Debug|Any CPU
		{FAC3624E-E58A-81BD-633B-C61D84B3D675}.Debug|x64.ActiveCfg = Debug|Any CPU
		{FAC3624E-E58A-81BD-633B-C61D84B3D675}.Debug|x64.Build.0 = Debug|Any CPU
		{FAC3624E-E58A-81BD-633B-C61D84B3D675}.Debug|x86.ActiveCfg = Debug|Any CPU
		{FAC3624E-E58A-81BD-633B-C61D84B3D675}.Debug|x86.Build.0 = Debug|Any CPU
		{FAC3624E-E58A-81BD-633B-C61D84B3D675}.Release|Any CPU.ActiveCfg = Release|Any CPU
		{FAC3624E-E58A-81BD-633B-C61D84B3D675}.Release|Any CPU.Build.0 = Release|Any CPU
		{FAC3624E-E58A-81BD-633B-C61D84B3D675}.Release|x64.ActiveCfg = Release|Any CPU
		{FAC3624E-E58A-81BD-633B-C61D84B3D675}.Release|x64.Build.0 = Release|Any CPU
		{FAC3624E-E58A-81BD-633B-C61D84B3D675}.Release|x86.ActiveCfg = Release|Any CPU
		{FAC3624E-E58A-81BD-633B-C61D84B3D675}.Release|x86.Build.0 = Release|Any CPU
		{E2A63BD6-3EAE-DC07-F3B7-7733F40F413B}.Debug|Any CPU.ActiveCfg = Debug|Any CPU
		{E2A63BD6-3EAE-DC07-F3B7-7733F40F413B}.Debug|Any CPU.Build.0 = Debug|Any CPU
		{E2A63BD6-3EAE-DC07-F3B7-7733F40F413B}.Debug|x64.ActiveCfg = Debug|Any CPU
		{E2A63BD6-3EAE-DC07-F3B7-7733F40F413B}.Debug|x64.Build.0 = Debug|Any CPU
		{E2A63BD6-3EAE-DC07-F3B7-7733F40F413B}.Debug|x86.ActiveCfg = Debug|Any CPU
		{E2A63BD6-3EAE-DC07-F3B7-7733F40F413B}.Debug|x86.Build.0 = Debug|Any CPU
		{E2A63BD6-3EAE-DC07-F3B7-7733F40F413B}.Release|Any CPU.ActiveCfg = Release|Any CPU
		{E2A63BD6-3EAE-DC07-F3B7-7733F40F413B}.Release|Any CPU.Build.0 = Release|Any CPU
		{E2A63BD6-3EAE-DC07-F3B7-7733F40F413B}.Release|x64.ActiveCfg = Release|Any CPU
		{E2A63BD6-3EAE-DC07-F3B7-7733F40F413B}.Release|x64.Build.0 = Release|Any CPU
		{E2A63BD6-3EAE-DC07-F3B7-7733F40F413B}.Release|x86.ActiveCfg = Release|Any CPU
		{E2A63BD6-3EAE-DC07-F3B7-7733F40F413B}.Release|x86.Build.0 = Release|Any CPU
		{F6A8957A-85CC-4EE2-8E0E-C950AB75DED5}.Debug|Any CPU.ActiveCfg = Debug|Any CPU
		{F6A8957A-85CC-4EE2-8E0E-C950AB75DED5}.Debug|Any CPU.Build.0 = Debug|Any CPU
		{F6A8957A-85CC-4EE2-8E0E-C950AB75DED5}.Debug|x64.ActiveCfg = Debug|Any CPU
		{F6A8957A-85CC-4EE2-8E0E-C950AB75DED5}.Debug|x64.Build.0 = Debug|Any CPU
		{F6A8957A-85CC-4EE2-8E0E-C950AB75DED5}.Debug|x86.ActiveCfg = Debug|Any CPU
		{F6A8957A-85CC-4EE2-8E0E-C950AB75DED5}.Debug|x86.Build.0 = Debug|Any CPU
		{F6A8957A-85CC-4EE2-8E0E-C950AB75DED5}.Release|Any CPU.ActiveCfg = Release|Any CPU
		{F6A8957A-85CC-4EE2-8E0E-C950AB75DED5}.Release|Any CPU.Build.0 = Release|Any CPU
		{F6A8957A-85CC-4EE2-8E0E-C950AB75DED5}.Release|x64.ActiveCfg = Release|Any CPU
		{F6A8957A-85CC-4EE2-8E0E-C950AB75DED5}.Release|x64.Build.0 = Release|Any CPU
		{F6A8957A-85CC-4EE2-8E0E-C950AB75DED5}.Release|x86.ActiveCfg = Release|Any CPU
		{F6A8957A-85CC-4EE2-8E0E-C950AB75DED5}.Release|x86.Build.0 = Release|Any CPU
		{62C70A12-9760-429F-99EA-2FD4BE9C67ED}.Debug|Any CPU.ActiveCfg = Debug|Any CPU
		{62C70A12-9760-429F-99EA-2FD4BE9C67ED}.Debug|Any CPU.Build.0 = Debug|Any CPU
		{62C70A12-9760-429F-99EA-2FD4BE9C67ED}.Debug|x64.ActiveCfg = Debug|Any CPU
		{62C70A12-9760-429F-99EA-2FD4BE9C67ED}.Debug|x64.Build.0 = Debug|Any CPU
		{62C70A12-9760-429F-99EA-2FD4BE9C67ED}.Debug|x86.ActiveCfg = Debug|Any CPU
		{62C70A12-9760-429F-99EA-2FD4BE9C67ED}.Debug|x86.Build.0 = Debug|Any CPU
		{62C70A12-9760-429F-99EA-2FD4BE9C67ED}.Release|Any CPU.ActiveCfg = Release|Any CPU
		{62C70A12-9760-429F-99EA-2FD4BE9C67ED}.Release|Any CPU.Build.0 = Release|Any CPU
		{62C70A12-9760-429F-99EA-2FD4BE9C67ED}.Release|x64.ActiveCfg = Release|Any CPU
		{62C70A12-9760-429F-99EA-2FD4BE9C67ED}.Release|x64.Build.0 = Release|Any CPU
		{62C70A12-9760-429F-99EA-2FD4BE9C67ED}.Release|x86.ActiveCfg = Release|Any CPU
		{62C70A12-9760-429F-99EA-2FD4BE9C67ED}.Release|x86.Build.0 = Release|Any CPU
	EndGlobalSection
	GlobalSection(SolutionProperties) = preSolution
		HideSolutionNode = FALSE
	EndGlobalSection
	GlobalSection(NestedProjects) = preSolution
		{6438BA1C-C327-4708-8B97-40E67485A151} = {9888F8E6-BCF7-4924-B312-DD8AACE1A4D3}
		{8DE5A062-61F6-46DE-817E-C8E3A6D39993} = {9888F8E6-BCF7-4924-B312-DD8AACE1A4D3}
		{CB168968-7E95-4467-9EB0-3641375E2E4E} = {61088257-D8B6-4788-9B3F-F732665A0E90}
		{021FD7A8-9480-4D45-B1BD-8CA55489E6B0} = {61088257-D8B6-4788-9B3F-F732665A0E90}
		{6D2ABF2F-A16F-488F-9E58-2B3F357E50DA} = {8DB5CDD6-DE3F-4BC8-A13A-3484F27E9CF5}
		{FD6D7EE5-2D88-4781-88CD-8C628F0F63CF} = {8DB5CDD6-DE3F-4BC8-A13A-3484F27E9CF5}
		{6E2F867A-455A-4EA9-BB9F-F3E24525218A} = {8DB5CDD6-DE3F-4BC8-A13A-3484F27E9CF5}
		{FCA570AC-156D-4A4A-B314-8CEE9A9831F5} = {8DB5CDD6-DE3F-4BC8-A13A-3484F27E9CF5}
		{B4EDBFD2-C4C0-4407-BDE8-FC85440880B0} = {8DB5CDD6-DE3F-4BC8-A13A-3484F27E9CF5}
		{C11AD72C-D9C6-4493-984B-32EAB9D7F618} = {8DB5CDD6-DE3F-4BC8-A13A-3484F27E9CF5}
		{21CC01B3-F6BD-43F1-A09B-8BFAEA81F522} = {8DB5CDD6-DE3F-4BC8-A13A-3484F27E9CF5}
		{3F8CA764-17D1-4D58-A22D-C9FBDAD065EE} = {8DB5CDD6-DE3F-4BC8-A13A-3484F27E9CF5}
		{B1652095-543F-4DAC-AA7E-B648190E70F4} = {E4E00C09-AB1F-4EA1-81FF-540E43F1AB11}
		{240D2E3C-5139-4E28-BCB4-94B8CD87D496} = {E4E00C09-AB1F-4EA1-81FF-540E43F1AB11}
		{66E901F5-AEFF-4FE8-8D20-8B05D4415248} = {8DB5CDD6-DE3F-4BC8-A13A-3484F27E9CF5}
		{840D8F32-BC83-4F98-BF77-E9B84D72122E} = {4509BF02-434F-477A-AC6F-43BC1E84900C}
		{DFE4F8F3-AC7C-4747-9B3A-2DEC4081BC39} = {8DB5CDD6-DE3F-4BC8-A13A-3484F27E9CF5}
		{CEE078AB-7EB7-440B-ACBA-9B3340B2DBAA} = {9888F8E6-BCF7-4924-B312-DD8AACE1A4D3}
		{C7C6A528-9F53-4C8B-8D27-E4DC311E9499} = {9888F8E6-BCF7-4924-B312-DD8AACE1A4D3}
		{0DB5263E-3CFD-4084-A31F-CD3D473E880B} = {61088257-D8B6-4788-9B3F-F732665A0E90}
		{36759006-2F43-45EA-B7B0-5F45841D4A2D} = {E4E00C09-AB1F-4EA1-81FF-540E43F1AB11}
		{0EC7C89E-FD20-4A77-977D-B0BCE30C6EEC} = {8DB5CDD6-DE3F-4BC8-A13A-3484F27E9CF5}
		{D08A0A6F-E8AB-47DB-989E-6975EC3CE983} = {8DB5CDD6-DE3F-4BC8-A13A-3484F27E9CF5}
		{CA0561E7-A9D0-47C5-B03C-2731B6F38787} = {61088257-D8B6-4788-9B3F-F732665A0E90}
		{232FEA77-5E1C-4DCF-9D57-ECBEB9684046} = {E4E00C09-AB1F-4EA1-81FF-540E43F1AB11}
		{A12956A7-C4A3-40CE-8A57-387BA3C8DBBC} = {8DB5CDD6-DE3F-4BC8-A13A-3484F27E9CF5}
		{B9262075-D41E-64D1-8D3B-95486FABDAAE} = {8DB5CDD6-DE3F-4BC8-A13A-3484F27E9CF5}
		{554401F0-1326-9F85-78B8-1E11D6A524B5} = {8DB5CDD6-DE3F-4BC8-A13A-3484F27E9CF5}
		{E6D8BC82-8366-4619-AB0A-A3624A4D932C} = {8DB5CDD6-DE3F-4BC8-A13A-3484F27E9CF5}
		{28FEB904-63FA-44A5-B50D-0280A4150399} = {8DB5CDD6-DE3F-4BC8-A13A-3484F27E9CF5}
		{F11C3B59-0076-41A9-A501-92C35AE4E08E} = {61088257-D8B6-4788-9B3F-F732665A0E90}
		{4FF6315E-5C9B-482C-8AC2-19F1E43139C6} = {8DB5CDD6-DE3F-4BC8-A13A-3484F27E9CF5}
		{FC5F0648-01A2-C22C-B763-6E7ED4872A1E} = {8DB5CDD6-DE3F-4BC8-A13A-3484F27E9CF5}
		{49F214A9-BE26-4146-905F-309A2D6220E6} = {E4E00C09-AB1F-4EA1-81FF-540E43F1AB11}
		{3A228473-4AEB-4CF6-B160-CDA13C44D96B} = {9888F8E6-BCF7-4924-B312-DD8AACE1A4D3}
		{A00BAF52-595A-4C67-9013-088BD3D47339} = {61088257-D8B6-4788-9B3F-F732665A0E90}
		{C965F874-7820-4E02-B9B8-B79024E2A258} = {E4E00C09-AB1F-4EA1-81FF-540E43F1AB11}
		{06922F36-E5BE-416A-8FDA-12045FF3C9D2} = {9888F8E6-BCF7-4924-B312-DD8AACE1A4D3}
		{19170D87-D8C7-48A0-963F-9E1821956CAD} = {61088257-D8B6-4788-9B3F-F732665A0E90}
		{1A2B3C4D-5E6F-7A8B-9C0D-E1F2A3B4C5D6} = {E4E00C09-AB1F-4EA1-81FF-540E43F1AB11}
		{2B3C4D5E-6F7A-8B9C-0D1E-F2A3B4C5D6E7} = {E4E00C09-AB1F-4EA1-81FF-540E43F1AB11}
		{3C4D5E6F-7A8B-9C0D-1E2F-A3B4C5D6E7F8} = {9888F8E6-BCF7-4924-B312-DD8AACE1A4D3}
		{4D5E6F7A-8B9C-0D1E-2F3A-B4C5D6E7F8A9} = {9888F8E6-BCF7-4924-B312-DD8AACE1A4D3}
		{5E6F7A8B-9C0D-1E2F-3A4B-C5D6E7F8A9B0} = {61088257-D8B6-4788-9B3F-F732665A0E90}
		{6F7A8B9C-0D1E-2F3A-4B5C-D6E7F8A9B0C1} = {61088257-D8B6-4788-9B3F-F732665A0E90}
		{7A8B9C0D-1E2F-3A4B-5C6D-E7F8A9B0C1D2} = {9888F8E6-BCF7-4924-B312-DD8AACE1A4D3}
		{8B9C0D1E-2F3A-4B5C-6D7E-F8A9B0C1D2E3} = {61088257-D8B6-4788-9B3F-F732665A0E90}
		{9C0D1E2F-3A4B-5C6D-7E8F-A9B0C1D2E3F4} = {9888F8E6-BCF7-4924-B312-DD8AACE1A4D3}
		{0D1E2F3A-4B5C-6D7E-8F9A-B0C1D2E3F4A5} = {61088257-D8B6-4788-9B3F-F732665A0E90}
		{78C6E3CE-5EC3-48EA-B58F-4D98E3EAB7D4} = {8DB5CDD6-DE3F-4BC8-A13A-3484F27E9CF5}
		{142A74F7-6BA2-48FB-9992-970179C3BF10} = {E4E00C09-AB1F-4EA1-81FF-540E43F1AB11}
		{8A08A3A4-02F7-4069-BF4E-F01ACD567533} = {9888F8E6-BCF7-4924-B312-DD8AACE1A4D3}
		{96A8A656-9B82-1933-D1B8-25639DBEA04E} = {4509BF02-434F-477A-AC6F-43BC1E84900C}
		{88EBE9F5-2F86-7D93-9B6B-BF038F6BD962} = {8DB5CDD6-DE3F-4BC8-A13A-3484F27E9CF5}
		{F97A2886-6872-3B0D-DEE3-9BF10444AF81} = {8DB5CDD6-DE3F-4BC8-A13A-3484F27E9CF5}
		{FAC3624E-E58A-81BD-633B-C61D84B3D675} = {4509BF02-434F-477A-AC6F-43BC1E84900C}
		{E2A63BD6-3EAE-DC07-F3B7-7733F40F413B} = {61088257-D8B6-4788-9B3F-F732665A0E90}
		{F6A8957A-85CC-4EE2-8E0E-C950AB75DED5} = {E4E00C09-AB1F-4EA1-81FF-540E43F1AB11}
		{62C70A12-9760-429F-99EA-2FD4BE9C67ED} = {9888F8E6-BCF7-4924-B312-DD8AACE1A4D3}
	EndGlobalSection
	GlobalSection(ExtensibilityGlobals) = postSolution
		SolutionGuid = {2A96BA33-54B2-46FE-A2F7-DFE62EBD3CBB}
	EndGlobalSection
EndGlobal
